
Microsoft Visual Studio Solution File, Format Version 12.00
# Visual Studio Version 17
VisualStudioVersion = 17.7.34031.279
MinimumVisualStudioVersion = 10.0.40219.1
Project("{2150E333-8FDC-42A3-9474-1A3956D46DE8}") = "01 - Exercícios Sequênciais", "01 - Exercícios Sequênciais", "{75E2D83D-DBA5-4DBE-971C-0CD9963FF36D}"
EndProject
Project("{9A19103F-16F7-4668-BE54-9A1E7A4F7556}") = "Academia.Dotnet.ExerciciosSequencias.01", "src\Academia.Dotnet.ExerciciosSequencias.01\Academia.Dotnet.ExerciciosSequencias.01.csproj", "{293459AB-36F0-42A8-8B73-F9E034A891B2}"
EndProject
Project("{9A19103F-16F7-4668-BE54-9A1E7A4F7556}") = "Academia.Dotnet.ExerciciosSequencias.02", "src\Academia.Dotnet.ExerciciosSequencias.02\Academia.Dotnet.ExerciciosSequencias.02.csproj", "{4F03B700-0749-4C74-B42D-248C230DAF77}"
EndProject
Project("{9A19103F-16F7-4668-BE54-9A1E7A4F7556}") = "Academia.Dotnet.ExerciciosSequencias.03", "src\Academia.Dotnet.ExerciciosSequencias.03\Academia.Dotnet.ExerciciosSequencias.03.csproj", "{4F3D456E-2C7B-4F4C-852A-679FCCF8E896}"
EndProject
Project("{9A19103F-16F7-4668-BE54-9A1E7A4F7556}") = "Academia.Dotnet.ExerciciosSequencias.04", "src\Academia.Dotnet.ExerciciosSequencias.04\Academia.Dotnet.ExerciciosSequencias.04.csproj", "{8C937BEE-C8E6-4B47-A3CD-6260BDC9B183}"
EndProject
Project("{9A19103F-16F7-4668-BE54-9A1E7A4F7556}") = "Academia.Dotnet.ExerciciosSequencias.05", "src\Academia.Dotnet.ExerciciosSequencias.05\Academia.Dotnet.ExerciciosSequencias.05.csproj", "{2CD01F37-9EEB-4F56-A614-4395FC8FECB9}"
EndProject
Project("{FAE04EC0-301F-11D3-BF4B-00C04F79EFBC}") = "Academia.Dotnet.ExerciciosSequencias.06", "src\Academia.Dotnet.ExerciciosSequencias.06\Academia.Dotnet.ExerciciosSequencias.06.csproj", "{017AF3D8-8C4C-4676-8ACB-D03DEAF4E860}"
EndProject
Project("{FAE04EC0-301F-11D3-BF4B-00C04F79EFBC}") = "Academia.Dotnet.ExerciciosSequencias.07", "src\Academia.Dotnet.ExerciciosSequencias.07\Academia.Dotnet.ExerciciosSequencias.07.csproj", "{FF05D291-8662-4D90-AFD5-D4FD7862B2DB}"
EndProject
Project("{FAE04EC0-301F-11D3-BF4B-00C04F79EFBC}") = "Academia.Dotnet.ExerciciosSequencias.08", "src\Academia.Dotnet.ExerciciosSequencias.08\Academia.Dotnet.ExerciciosSequencias.08.csproj", "{1B776636-6AD3-4EAF-A177-AF38B203D1B1}"
EndProject
Global
	GlobalSection(SolutionConfigurationPlatforms) = preSolution
		Debug|Any CPU = Debug|Any CPU
		Release|Any CPU = Release|Any CPU
	EndGlobalSection
	GlobalSection(ProjectConfigurationPlatforms) = postSolution
		{293459AB-36F0-42A8-8B73-F9E034A891B2}.Debug|Any CPU.ActiveCfg = Debug|Any CPU
		{293459AB-36F0-42A8-8B73-F9E034A891B2}.Debug|Any CPU.Build.0 = Debug|Any CPU
		{293459AB-36F0-42A8-8B73-F9E034A891B2}.Release|Any CPU.ActiveCfg = Release|Any CPU
		{293459AB-36F0-42A8-8B73-F9E034A891B2}.Release|Any CPU.Build.0 = Release|Any CPU
		{4F03B700-0749-4C74-B42D-248C230DAF77}.Debug|Any CPU.ActiveCfg = Debug|Any CPU
		{4F03B700-0749-4C74-B42D-248C230DAF77}.Debug|Any CPU.Build.0 = Debug|Any CPU
		{4F03B700-0749-4C74-B42D-248C230DAF77}.Release|Any CPU.ActiveCfg = Release|Any CPU
		{4F03B700-0749-4C74-B42D-248C230DAF77}.Release|Any CPU.Build.0 = Release|Any CPU
		{4F3D456E-2C7B-4F4C-852A-679FCCF8E896}.Debug|Any CPU.ActiveCfg = Debug|Any CPU
		{4F3D456E-2C7B-4F4C-852A-679FCCF8E896}.Debug|Any CPU.Build.0 = Debug|Any CPU
		{4F3D456E-2C7B-4F4C-852A-679FCCF8E896}.Release|Any CPU.ActiveCfg = Release|Any CPU
		{4F3D456E-2C7B-4F4C-852A-679FCCF8E896}.Release|Any CPU.Build.0 = Release|Any CPU
		{8C937BEE-C8E6-4B47-A3CD-6260BDC9B183}.Debug|Any CPU.ActiveCfg = Debug|Any CPU
		{8C937BEE-C8E6-4B47-A3CD-6260BDC9B183}.Debug|Any CPU.Build.0 = Debug|Any CPU
		{8C937BEE-C8E6-4B47-A3CD-6260BDC9B183}.Release|Any CPU.ActiveCfg = Release|Any CPU
		{8C937BEE-C8E6-4B47-A3CD-6260BDC9B183}.Release|Any CPU.Build.0 = Release|Any CPU
		{2CD01F37-9EEB-4F56-A614-4395FC8FECB9}.Debug|Any CPU.ActiveCfg = Debug|Any CPU
		{2CD01F37-9EEB-4F56-A614-4395FC8FECB9}.Debug|Any CPU.Build.0 = Debug|Any CPU
		{2CD01F37-9EEB-4F56-A614-4395FC8FECB9}.Release|Any CPU.ActiveCfg = Release|Any CPU
		{2CD01F37-9EEB-4F56-A614-4395FC8FECB9}.Release|Any CPU.Build.0 = Release|Any CPU
		{017AF3D8-8C4C-4676-8ACB-D03DEAF4E860}.Debug|Any CPU.ActiveCfg = Debug|Any CPU
		{017AF3D8-8C4C-4676-8ACB-D03DEAF4E860}.Debug|Any CPU.Build.0 = Debug|Any CPU
		{017AF3D8-8C4C-4676-8ACB-D03DEAF4E860}.Release|Any CPU.ActiveCfg = Release|Any CPU
		{017AF3D8-8C4C-4676-8ACB-D03DEAF4E860}.Release|Any CPU.Build.0 = Release|Any CPU
		{FF05D291-8662-4D90-AFD5-D4FD7862B2DB}.Debug|Any CPU.ActiveCfg = Debug|Any CPU
		{FF05D291-8662-4D90-AFD5-D4FD7862B2DB}.Debug|Any CPU.Build.0 = Debug|Any CPU
		{FF05D291-8662-4D90-AFD5-D4FD7862B2DB}.Release|Any CPU.ActiveCfg = Release|Any CPU
		{FF05D291-8662-4D90-AFD5-D4FD7862B2DB}.Release|Any CPU.Build.0 = Release|Any CPU
		{1B776636-6AD3-4EAF-A177-AF38B203D1B1}.Debug|Any CPU.ActiveCfg = Debug|Any CPU
		{1B776636-6AD3-4EAF-A177-AF38B203D1B1}.Debug|Any CPU.Build.0 = Debug|Any CPU
		{1B776636-6AD3-4EAF-A177-AF38B203D1B1}.Release|Any CPU.ActiveCfg = Release|Any CPU
		{1B776636-6AD3-4EAF-A177-AF38B203D1B1}.Release|Any CPU.Build.0 = Release|Any CPU
	EndGlobalSection
	GlobalSection(SolutionProperties) = preSolution
		HideSolutionNode = FALSE
	EndGlobalSection
	GlobalSection(NestedProjects) = preSolution
		{293459AB-36F0-42A8-8B73-F9E034A891B2} = {75E2D83D-DBA5-4DBE-971C-0CD9963FF36D}
		{4F03B700-0749-4C74-B42D-248C230DAF77} = {75E2D83D-DBA5-4DBE-971C-0CD9963FF36D}
		{4F3D456E-2C7B-4F4C-852A-679FCCF8E896} = {75E2D83D-DBA5-4DBE-971C-0CD9963FF36D}
		{8C937BEE-C8E6-4B47-A3CD-6260BDC9B183} = {75E2D83D-DBA5-4DBE-971C-0CD9963FF36D}
		{2CD01F37-9EEB-4F56-A614-4395FC8FECB9} = {75E2D83D-DBA5-4DBE-971C-0CD9963FF36D}
		{017AF3D8-8C4C-4676-8ACB-D03DEAF4E860} = {75E2D83D-DBA5-4DBE-971C-0CD9963FF36D}
		{FF05D291-8662-4D90-AFD5-D4FD7862B2DB} = {75E2D83D-DBA5-4DBE-971C-0CD9963FF36D}
		{1B776636-6AD3-4EAF-A177-AF38B203D1B1} = {75E2D83D-DBA5-4DBE-971C-0CD9963FF36D}
	EndGlobalSection
	GlobalSection(ExtensibilityGlobals) = postSolution
		SolutionGuid = {5853EF06-1F61-41E6-881D-F8D15B888461}
	EndGlobalSection
EndGlobal
