
Microsoft Visual Studio Solution File, Format Version 12.00
# Visual Studio Version 17
VisualStudioVersion = 17.7.34031.279
MinimumVisualStudioVersion = 10.0.40219.1
Project("{2150E333-8FDC-42A3-9474-1A3956D46DE8}") = "01 - Exercícios Sequênciais", "01 - Exercícios Sequênciais", "{75E2D83D-DBA5-4DBE-971C-0CD9963FF36D}"
EndProject
Project("{2150E333-8FDC-42A3-9474-1A3956D46DE8}") = "02 - Exercícios Seleção", "02 - Exercícios Seleção", "{E40DD4F2-609A-4814-8BBA-15520F8EF1B6}"
EndProject
Project("{FAE04EC0-301F-11D3-BF4B-00C04F79EFBC}") = "Academia.Dotnet.ExerciciosSequencias.01", "ExerciciosSequencias\Academia.Dotnet.ExerciciosSequencias.01\Academia.Dotnet.ExerciciosSequencias.01.csproj", "{E37B7CC1-DFBD-4D60-855F-7E78F971E85F}"
EndProject
Project("{FAE04EC0-301F-11D3-BF4B-00C04F79EFBC}") = "Academia.Dotnet.ExerciciosSequencias.02", "ExerciciosSequencias\Academia.Dotnet.ExerciciosSequencias.02\Academia.Dotnet.ExerciciosSequencias.02.csproj", "{5F3DD63A-3FA4-4795-A2C6-6D8BEAF2297C}"
EndProject
Project("{FAE04EC0-301F-11D3-BF4B-00C04F79EFBC}") = "Academia.Dotnet.ExerciciosSequencias.03", "ExerciciosSequencias\Academia.Dotnet.ExerciciosSequencias.03\Academia.Dotnet.ExerciciosSequencias.03.csproj", "{FDC26C49-8361-4EAA-A5FE-C3C34A66E712}"
EndProject
Project("{FAE04EC0-301F-11D3-BF4B-00C04F79EFBC}") = "Academia.Dotnet.ExerciciosSequencias.04", "ExerciciosSequencias\Academia.Dotnet.ExerciciosSequencias.04\Academia.Dotnet.ExerciciosSequencias.04.csproj", "{23D4EFBB-5623-4E62-847B-FBE4E3FB6FD7}"
EndProject
Project("{FAE04EC0-301F-11D3-BF4B-00C04F79EFBC}") = "Academia.Dotnet.ExerciciosSequencias.05", "ExerciciosSequencias\Academia.Dotnet.ExerciciosSequencias.05\Academia.Dotnet.ExerciciosSequencias.05.csproj", "{EE770185-41E1-488E-85CC-A6F88D874DEF}"
EndProject
Project("{FAE04EC0-301F-11D3-BF4B-00C04F79EFBC}") = "Academia.Dotnet.ExerciciosSequencias.06", "ExerciciosSequencias\Academia.Dotnet.ExerciciosSequencias.06\Academia.Dotnet.ExerciciosSequencias.06.csproj", "{7112611C-3290-4198-9128-70DF8318D5F8}"
EndProject
Project("{FAE04EC0-301F-11D3-BF4B-00C04F79EFBC}") = "Academia.Dotnet.ExerciciosSequencias.07", "ExerciciosSequencias\Academia.Dotnet.ExerciciosSequencias.07\Academia.Dotnet.ExerciciosSequencias.07.csproj", "{E9B2D6C9-E16D-41DC-9053-4AD993007C44}"
EndProject
Project("{FAE04EC0-301F-11D3-BF4B-00C04F79EFBC}") = "Academia.Dotnet.ExerciciosSequencias.08", "ExerciciosSequencias\Academia.Dotnet.ExerciciosSequencias.08\Academia.Dotnet.ExerciciosSequencias.08.csproj", "{4FC17686-FC45-4386-B287-26C0200F94F8}"
EndProject
Project("{FAE04EC0-301F-11D3-BF4B-00C04F79EFBC}") = "Academia.Dotnet.ExerciciosSequencias.09", "ExerciciosSequencias\Academia.Dotnet.ExerciciosSequencias.09\Academia.Dotnet.ExerciciosSequencias.09.csproj", "{495DC2D8-AB1B-4206-AA76-3FA448694D22}"
EndProject
Project("{FAE04EC0-301F-11D3-BF4B-00C04F79EFBC}") = "Academia.Dotnet.ExerciciosSequencias.10", "ExerciciosSequencias\Academia.Dotnet.ExerciciosSequencias.10\Academia.Dotnet.ExerciciosSequencias.10.csproj", "{0A2BCE91-981F-4F99-BDB2-B413AD5158F1}"
EndProject
Project("{FAE04EC0-301F-11D3-BF4B-00C04F79EFBC}") = "Academia.Dotnet.ExerciciosSequencias.11", "ExerciciosSequencias\Academia.Dotnet.ExerciciosSequencias.11\Academia.Dotnet.ExerciciosSequencias.11.csproj", "{0F0FC22E-28CC-49EA-86AF-7B4BD34127CA}"
EndProject
Project("{FAE04EC0-301F-11D3-BF4B-00C04F79EFBC}") = "Academia.Dotnet.ExerciciosSequencias.12", "ExerciciosSequencias\Academia.Dotnet.ExerciciosSequencias.12\Academia.Dotnet.ExerciciosSequencias.12.csproj", "{C92F80D6-0DE6-4ED9-947B-93E1DFEA2551}"
EndProject
Project("{FAE04EC0-301F-11D3-BF4B-00C04F79EFBC}") = "Academia.Dotnet.ExerciciosSequencias.13", "ExerciciosSequencias\Academia.Dotnet.ExerciciosSequencias.13\Academia.Dotnet.ExerciciosSequencias.13.csproj", "{29F79AE2-0229-47A0-A4E1-12ACC7FCF22E}"
EndProject
Project("{FAE04EC0-301F-11D3-BF4B-00C04F79EFBC}") = "Academia.Dotnet.ExerciciosSelecao.01", "ExerciciosSelecao\Academia.Dotnet.ExerciciosSelecao.01\Academia.Dotnet.ExerciciosSelecao.01.csproj", "{4C459030-E5D7-46A9-8036-14A9CA5A477C}"
EndProject
Global
	GlobalSection(SolutionConfigurationPlatforms) = preSolution
		Debug|Any CPU = Debug|Any CPU
		Release|Any CPU = Release|Any CPU
	EndGlobalSection
	GlobalSection(ProjectConfigurationPlatforms) = postSolution
		{E37B7CC1-DFBD-4D60-855F-7E78F971E85F}.Debug|Any CPU.ActiveCfg = Debug|Any CPU
		{E37B7CC1-DFBD-4D60-855F-7E78F971E85F}.Debug|Any CPU.Build.0 = Debug|Any CPU
		{E37B7CC1-DFBD-4D60-855F-7E78F971E85F}.Release|Any CPU.ActiveCfg = Release|Any CPU
		{E37B7CC1-DFBD-4D60-855F-7E78F971E85F}.Release|Any CPU.Build.0 = Release|Any CPU
		{5F3DD63A-3FA4-4795-A2C6-6D8BEAF2297C}.Debug|Any CPU.ActiveCfg = Debug|Any CPU
		{5F3DD63A-3FA4-4795-A2C6-6D8BEAF2297C}.Debug|Any CPU.Build.0 = Debug|Any CPU
		{5F3DD63A-3FA4-4795-A2C6-6D8BEAF2297C}.Release|Any CPU.ActiveCfg = Release|Any CPU
		{5F3DD63A-3FA4-4795-A2C6-6D8BEAF2297C}.Release|Any CPU.Build.0 = Release|Any CPU
		{FDC26C49-8361-4EAA-A5FE-C3C34A66E712}.Debug|Any CPU.ActiveCfg = Debug|Any CPU
		{FDC26C49-8361-4EAA-A5FE-C3C34A66E712}.Debug|Any CPU.Build.0 = Debug|Any CPU
		{FDC26C49-8361-4EAA-A5FE-C3C34A66E712}.Release|Any CPU.ActiveCfg = Release|Any CPU
		{FDC26C49-8361-4EAA-A5FE-C3C34A66E712}.Release|Any CPU.Build.0 = Release|Any CPU
		{23D4EFBB-5623-4E62-847B-FBE4E3FB6FD7}.Debug|Any CPU.ActiveCfg = Debug|Any CPU
		{23D4EFBB-5623-4E62-847B-FBE4E3FB6FD7}.Debug|Any CPU.Build.0 = Debug|Any CPU
		{23D4EFBB-5623-4E62-847B-FBE4E3FB6FD7}.Release|Any CPU.ActiveCfg = Release|Any CPU
		{23D4EFBB-5623-4E62-847B-FBE4E3FB6FD7}.Release|Any CPU.Build.0 = Release|Any CPU
		{EE770185-41E1-488E-85CC-A6F88D874DEF}.Debug|Any CPU.ActiveCfg = Debug|Any CPU
		{EE770185-41E1-488E-85CC-A6F88D874DEF}.Debug|Any CPU.Build.0 = Debug|Any CPU
		{EE770185-41E1-488E-85CC-A6F88D874DEF}.Release|Any CPU.ActiveCfg = Release|Any CPU
		{EE770185-41E1-488E-85CC-A6F88D874DEF}.Release|Any CPU.Build.0 = Release|Any CPU
		{7112611C-3290-4198-9128-70DF8318D5F8}.Debug|Any CPU.ActiveCfg = Debug|Any CPU
		{7112611C-3290-4198-9128-70DF8318D5F8}.Debug|Any CPU.Build.0 = Debug|Any CPU
		{7112611C-3290-4198-9128-70DF8318D5F8}.Release|Any CPU.ActiveCfg = Release|Any CPU
		{7112611C-3290-4198-9128-70DF8318D5F8}.Release|Any CPU.Build.0 = Release|Any CPU
		{E9B2D6C9-E16D-41DC-9053-4AD993007C44}.Debug|Any CPU.ActiveCfg = Debug|Any CPU
		{E9B2D6C9-E16D-41DC-9053-4AD993007C44}.Debug|Any CPU.Build.0 = Debug|Any CPU
		{E9B2D6C9-E16D-41DC-9053-4AD993007C44}.Release|Any CPU.ActiveCfg = Release|Any CPU
		{E9B2D6C9-E16D-41DC-9053-4AD993007C44}.Release|Any CPU.Build.0 = Release|Any CPU
		{4FC17686-FC45-4386-B287-26C0200F94F8}.Debug|Any CPU.ActiveCfg = Debug|Any CPU
		{4FC17686-FC45-4386-B287-26C0200F94F8}.Debug|Any CPU.Build.0 = Debug|Any CPU
		{4FC17686-FC45-4386-B287-26C0200F94F8}.Release|Any CPU.ActiveCfg = Release|Any CPU
		{4FC17686-FC45-4386-B287-26C0200F94F8}.Release|Any CPU.Build.0 = Release|Any CPU
		{495DC2D8-AB1B-4206-AA76-3FA448694D22}.Debug|Any CPU.ActiveCfg = Debug|Any CPU
		{495DC2D8-AB1B-4206-AA76-3FA448694D22}.Debug|Any CPU.Build.0 = Debug|Any CPU
		{495DC2D8-AB1B-4206-AA76-3FA448694D22}.Release|Any CPU.ActiveCfg = Release|Any CPU
		{495DC2D8-AB1B-4206-AA76-3FA448694D22}.Release|Any CPU.Build.0 = Release|Any CPU
		{0A2BCE91-981F-4F99-BDB2-B413AD5158F1}.Debug|Any CPU.ActiveCfg = Debug|Any CPU
		{0A2BCE91-981F-4F99-BDB2-B413AD5158F1}.Debug|Any CPU.Build.0 = Debug|Any CPU
		{0A2BCE91-981F-4F99-BDB2-B413AD5158F1}.Release|Any CPU.ActiveCfg = Release|Any CPU
		{0A2BCE91-981F-4F99-BDB2-B413AD5158F1}.Release|Any CPU.Build.0 = Release|Any CPU
		{0F0FC22E-28CC-49EA-86AF-7B4BD34127CA}.Debug|Any CPU.ActiveCfg = Debug|Any CPU
		{0F0FC22E-28CC-49EA-86AF-7B4BD34127CA}.Debug|Any CPU.Build.0 = Debug|Any CPU
		{0F0FC22E-28CC-49EA-86AF-7B4BD34127CA}.Release|Any CPU.ActiveCfg = Release|Any CPU
		{0F0FC22E-28CC-49EA-86AF-7B4BD34127CA}.Release|Any CPU.Build.0 = Release|Any CPU
		{C92F80D6-0DE6-4ED9-947B-93E1DFEA2551}.Debug|Any CPU.ActiveCfg = Debug|Any CPU
		{C92F80D6-0DE6-4ED9-947B-93E1DFEA2551}.Debug|Any CPU.Build.0 = Debug|Any CPU
		{C92F80D6-0DE6-4ED9-947B-93E1DFEA2551}.Release|Any CPU.ActiveCfg = Release|Any CPU
		{C92F80D6-0DE6-4ED9-947B-93E1DFEA2551}.Release|Any CPU.Build.0 = Release|Any CPU
		{29F79AE2-0229-47A0-A4E1-12ACC7FCF22E}.Debug|Any CPU.ActiveCfg = Debug|Any CPU
		{29F79AE2-0229-47A0-A4E1-12ACC7FCF22E}.Debug|Any CPU.Build.0 = Debug|Any CPU
		{29F79AE2-0229-47A0-A4E1-12ACC7FCF22E}.Release|Any CPU.ActiveCfg = Release|Any CPU
		{29F79AE2-0229-47A0-A4E1-12ACC7FCF22E}.Release|Any CPU.Build.0 = Release|Any CPU
		{4C459030-E5D7-46A9-8036-14A9CA5A477C}.Debug|Any CPU.ActiveCfg = Debug|Any CPU
		{4C459030-E5D7-46A9-8036-14A9CA5A477C}.Debug|Any CPU.Build.0 = Debug|Any CPU
		{4C459030-E5D7-46A9-8036-14A9CA5A477C}.Release|Any CPU.ActiveCfg = Release|Any CPU
		{4C459030-E5D7-46A9-8036-14A9CA5A477C}.Release|Any CPU.Build.0 = Release|Any CPU
	EndGlobalSection
	GlobalSection(SolutionProperties) = preSolution
		HideSolutionNode = FALSE
	EndGlobalSection
	GlobalSection(NestedProjects) = preSolution
		{E37B7CC1-DFBD-4D60-855F-7E78F971E85F} = {75E2D83D-DBA5-4DBE-971C-0CD9963FF36D}
		{5F3DD63A-3FA4-4795-A2C6-6D8BEAF2297C} = {75E2D83D-DBA5-4DBE-971C-0CD9963FF36D}
		{FDC26C49-8361-4EAA-A5FE-C3C34A66E712} = {75E2D83D-DBA5-4DBE-971C-0CD9963FF36D}
		{23D4EFBB-5623-4E62-847B-FBE4E3FB6FD7} = {75E2D83D-DBA5-4DBE-971C-0CD9963FF36D}
		{EE770185-41E1-488E-85CC-A6F88D874DEF} = {75E2D83D-DBA5-4DBE-971C-0CD9963FF36D}
		{7112611C-3290-4198-9128-70DF8318D5F8} = {75E2D83D-DBA5-4DBE-971C-0CD9963FF36D}
		{E9B2D6C9-E16D-41DC-9053-4AD993007C44} = {75E2D83D-DBA5-4DBE-971C-0CD9963FF36D}
		{4FC17686-FC45-4386-B287-26C0200F94F8} = {75E2D83D-DBA5-4DBE-971C-0CD9963FF36D}
		{495DC2D8-AB1B-4206-AA76-3FA448694D22} = {75E2D83D-DBA5-4DBE-971C-0CD9963FF36D}
		{0A2BCE91-981F-4F99-BDB2-B413AD5158F1} = {75E2D83D-DBA5-4DBE-971C-0CD9963FF36D}
		{0F0FC22E-28CC-49EA-86AF-7B4BD34127CA} = {75E2D83D-DBA5-4DBE-971C-0CD9963FF36D}
		{C92F80D6-0DE6-4ED9-947B-93E1DFEA2551} = {75E2D83D-DBA5-4DBE-971C-0CD9963FF36D}
		{29F79AE2-0229-47A0-A4E1-12ACC7FCF22E} = {75E2D83D-DBA5-4DBE-971C-0CD9963FF36D}
		{4C459030-E5D7-46A9-8036-14A9CA5A477C} = {E40DD4F2-609A-4814-8BBA-15520F8EF1B6}
	EndGlobalSection
	GlobalSection(ExtensibilityGlobals) = postSolution
		SolutionGuid = {5853EF06-1F61-41E6-881D-F8D15B888461}
	EndGlobalSection
EndGlobal
