
Microsoft Visual Studio Solution File, Format Version 12.00
# Visual Studio Version 17
VisualStudioVersion = 17.7.34031.279
MinimumVisualStudioVersion = 10.0.40219.1
Project("{2150E333-8FDC-42A3-9474-1A3956D46DE8}") = "01 - Exercícios Sequênciais", "01 - Exercícios Sequênciais", "{75E2D83D-DBA5-4DBE-971C-0CD9963FF36D}"
EndProject
Project("{2150E333-8FDC-42A3-9474-1A3956D46DE8}") = "02 - Exercícios Seleção", "02 - Exercícios Seleção", "{E40DD4F2-609A-4814-8BBA-15520F8EF1B6}"
EndProject
Project("{9A19103F-16F7-4668-BE54-9A1E7A4F7556}") = "Academia.Dotnet.ExerciciosSequencias.01", "ExerciciosSequencias\Academia.Dotnet.ExerciciosSequencias.01\Academia.Dotnet.ExerciciosSequencias.01.csproj", "{E37B7CC1-DFBD-4D60-855F-7E78F971E85F}"
EndProject
Project("{9A19103F-16F7-4668-BE54-9A1E7A4F7556}") = "Academia.Dotnet.ExerciciosSequencias.02", "ExerciciosSequencias\Academia.Dotnet.ExerciciosSequencias.02\Academia.Dotnet.ExerciciosSequencias.02.csproj", "{5F3DD63A-3FA4-4795-A2C6-6D8BEAF2297C}"
EndProject
Project("{9A19103F-16F7-4668-BE54-9A1E7A4F7556}") = "Academia.Dotnet.ExerciciosSequencias.03", "ExerciciosSequencias\Academia.Dotnet.ExerciciosSequencias.03\Academia.Dotnet.ExerciciosSequencias.03.csproj", "{FDC26C49-8361-4EAA-A5FE-C3C34A66E712}"
EndProject
Project("{9A19103F-16F7-4668-BE54-9A1E7A4F7556}") = "Academia.Dotnet.ExerciciosSequencias.04", "ExerciciosSequencias\Academia.Dotnet.ExerciciosSequencias.04\Academia.Dotnet.ExerciciosSequencias.04.csproj", "{23D4EFBB-5623-4E62-847B-FBE4E3FB6FD7}"
EndProject
Project("{9A19103F-16F7-4668-BE54-9A1E7A4F7556}") = "Academia.Dotnet.ExerciciosSequencias.05", "ExerciciosSequencias\Academia.Dotnet.ExerciciosSequencias.05\Academia.Dotnet.ExerciciosSequencias.05.csproj", "{EE770185-41E1-488E-85CC-A6F88D874DEF}"
EndProject
Project("{9A19103F-16F7-4668-BE54-9A1E7A4F7556}") = "Academia.Dotnet.ExerciciosSequencias.06", "ExerciciosSequencias\Academia.Dotnet.ExerciciosSequencias.06\Academia.Dotnet.ExerciciosSequencias.06.csproj", "{7112611C-3290-4198-9128-70DF8318D5F8}"
EndProject
Project("{9A19103F-16F7-4668-BE54-9A1E7A4F7556}") = "Academia.Dotnet.ExerciciosSequencias.07", "ExerciciosSequencias\Academia.Dotnet.ExerciciosSequencias.07\Academia.Dotnet.ExerciciosSequencias.07.csproj", "{E9B2D6C9-E16D-41DC-9053-4AD993007C44}"
EndProject
Project("{9A19103F-16F7-4668-BE54-9A1E7A4F7556}") = "Academia.Dotnet.ExerciciosSequencias.08", "ExerciciosSequencias\Academia.Dotnet.ExerciciosSequencias.08\Academia.Dotnet.ExerciciosSequencias.08.csproj", "{4FC17686-FC45-4386-B287-26C0200F94F8}"
EndProject
Project("{9A19103F-16F7-4668-BE54-9A1E7A4F7556}") = "Academia.Dotnet.ExerciciosSequencias.09", "ExerciciosSequencias\Academia.Dotnet.ExerciciosSequencias.09\Academia.Dotnet.ExerciciosSequencias.09.csproj", "{495DC2D8-AB1B-4206-AA76-3FA448694D22}"
EndProject
Project("{9A19103F-16F7-4668-BE54-9A1E7A4F7556}") = "Academia.Dotnet.ExerciciosSequencias.10", "ExerciciosSequencias\Academia.Dotnet.ExerciciosSequencias.10\Academia.Dotnet.ExerciciosSequencias.10.csproj", "{0A2BCE91-981F-4F99-BDB2-B413AD5158F1}"
EndProject
Project("{9A19103F-16F7-4668-BE54-9A1E7A4F7556}") = "Academia.Dotnet.ExerciciosSequencias.11", "ExerciciosSequencias\Academia.Dotnet.ExerciciosSequencias.11\Academia.Dotnet.ExerciciosSequencias.11.csproj", "{0F0FC22E-28CC-49EA-86AF-7B4BD34127CA}"
EndProject
Project("{9A19103F-16F7-4668-BE54-9A1E7A4F7556}") = "Academia.Dotnet.ExerciciosSequencias.12", "ExerciciosSequencias\Academia.Dotnet.ExerciciosSequencias.12\Academia.Dotnet.ExerciciosSequencias.12.csproj", "{C92F80D6-0DE6-4ED9-947B-93E1DFEA2551}"
EndProject
Project("{9A19103F-16F7-4668-BE54-9A1E7A4F7556}") = "Academia.Dotnet.ExerciciosSequencias.13", "ExerciciosSequencias\Academia.Dotnet.ExerciciosSequencias.13\Academia.Dotnet.ExerciciosSequencias.13.csproj", "{29F79AE2-0229-47A0-A4E1-12ACC7FCF22E}"
EndProject
Project("{9A19103F-16F7-4668-BE54-9A1E7A4F7556}") = "Academia.Dotnet.ExerciciosSelecao.01", "ExerciciosSelecao\Academia.Dotnet.ExerciciosSelecao.01\Academia.Dotnet.ExerciciosSelecao.01.csproj", "{4C459030-E5D7-46A9-8036-14A9CA5A477C}"
EndProject
Project("{9A19103F-16F7-4668-BE54-9A1E7A4F7556}") = "Academia.Dotnet.ExerciciosSelecao.02", "ExerciciosSelecao\Academia.Dotnet.ExerciciosSelecao.02\Academia.Dotnet.ExerciciosSelecao.02.csproj", "{0A1B42C6-A514-4AD2-92E0-56DA8720FAE5}"
EndProject
Project("{9A19103F-16F7-4668-BE54-9A1E7A4F7556}") = "Academia.Dotnet.ExerciciosSelecao.03", "ExerciciosSelecao\Academia.Dotnet.ExerciciosSelecao.03\Academia.Dotnet.ExerciciosSelecao.03.csproj", "{0D4C716A-FAC2-4152-81BC-C790C4DCFE3E}"
EndProject
Project("{9A19103F-16F7-4668-BE54-9A1E7A4F7556}") = "Academia.Dotnet.ExerciciosSelecao.04", "ExerciciosSelecao\Academia.Dotnet.ExerciciosSelecao.04\Academia.Dotnet.ExerciciosSelecao.04.csproj", "{22ECFF71-D31B-423A-8D78-A7B568043BCF}"
EndProject
Project("{9A19103F-16F7-4668-BE54-9A1E7A4F7556}") = "Academia.Dotnet.ExerciciosSelecao.05", "ExerciciosSelecao\Academia.Dotnet.ExerciciosSelecao.05\Academia.Dotnet.ExerciciosSelecao.05.csproj", "{D1FB50BE-55D5-4CBA-B755-94B85667F9E3}"
EndProject
Project("{9A19103F-16F7-4668-BE54-9A1E7A4F7556}") = "Academia.Dotnet.ExerciciosSelecao.06", "ExerciciosSelecao\Academia.Dotnet.ExerciciosSelecao.06\Academia.Dotnet.ExerciciosSelecao.06.csproj", "{EB75A196-1435-49A2-AF7E-094E5AF7A71A}"
EndProject
Project("{9A19103F-16F7-4668-BE54-9A1E7A4F7556}") = "Academia.Dotnet.ExerciciosSelecao.07", "ExerciciosSelecao\Academia.Dotnet.ExerciciosSelecao.07\Academia.Dotnet.ExerciciosSelecao.07.csproj", "{979ABC46-9D9B-419B-9A23-ABA7AF2B1D76}"
EndProject
Project("{9A19103F-16F7-4668-BE54-9A1E7A4F7556}") = "Academia.Dotnet.ExerciciosSelecao.08", "ExerciciosSelecao\Academia.Dotnet.ExerciciosSelecao.08\Academia.Dotnet.ExerciciosSelecao.08.csproj", "{57F33CBB-9FA6-4447-A2F1-155CD12722E1}"
EndProject
Project("{9A19103F-16F7-4668-BE54-9A1E7A4F7556}") = "Academia.Dotnet.ExerciciosSelecao.09", "ExerciciosSelecao\Academia.Dotnet.ExerciciosSelecao.09\Academia.Dotnet.ExerciciosSelecao.09.csproj", "{344871D5-7E70-42EA-9440-99107CB3AE35}"
EndProject
Project("{9A19103F-16F7-4668-BE54-9A1E7A4F7556}") = "Academia.Dotnet.ExerciciosSelecao.10", "ExerciciosSelecao\Academia.Dotnet.ExerciciosSelecao.10\Academia.Dotnet.ExerciciosSelecao.10.csproj", "{5600ECB8-EB04-4A3B-88D5-27EEBA28AD02}"
EndProject
Project("{9A19103F-16F7-4668-BE54-9A1E7A4F7556}") = "Academia.Dotnet.ExerciciosSelecao.11", "ExerciciosSelecao\Academia.Dotnet.ExerciciosSelecao.11\Academia.Dotnet.ExerciciosSelecao.11.csproj", "{64657059-A0D3-4E75-ABC3-0CEA973B3A42}"
EndProject
Project("{9A19103F-16F7-4668-BE54-9A1E7A4F7556}") = "Academia.Dotnet.ExerciciosSelecao.12", "ExerciciosSelecao\Academia.Dotnet.ExerciciosSelecao.12\Academia.Dotnet.ExerciciosSelecao.12.csproj", "{92ED4BFE-EAF1-414A-84E9-055883CD5297}"
EndProject
Project("{9A19103F-16F7-4668-BE54-9A1E7A4F7556}") = "Academia.Dotnet.ExerciciosSelecao.13", "ExerciciosSelecao\Academia.Dotnet.ExerciciosSelecao.13\Academia.Dotnet.ExerciciosSelecao.13.csproj", "{85038045-64A7-4556-85EE-4EB010BD1876}"
EndProject
Project("{9A19103F-16F7-4668-BE54-9A1E7A4F7556}") = "Academia.Dotnet.ExerciciosSelecao.14", "ExerciciosSelecao\Academia.Dotnet.ExerciciosSelecao.14\Academia.Dotnet.ExerciciosSelecao.14.csproj", "{B96AD59D-61C2-43B4-9E3E-4EDC3DD2FFB3}"
EndProject
Project("{9A19103F-16F7-4668-BE54-9A1E7A4F7556}") = "Academia.Dotnet.ExerciciosSelecao.15", "ExerciciosSelecao\Academia.Dotnet.ExerciciosSelecao.15\Academia.Dotnet.ExerciciosSelecao.15.csproj", "{170D7FA2-C325-4EF7-B5E3-9C853E6425BC}"
EndProject
Project("{9A19103F-16F7-4668-BE54-9A1E7A4F7556}") = "Academia.Dotnet.ExerciciosSelecao.16", "ExerciciosSelecao\Academia.Dotnet.ExerciciosSelecao.16\Academia.Dotnet.ExerciciosSelecao.16.csproj", "{AF38E110-3343-453C-AD7A-569055E5F710}"
EndProject
Project("{9A19103F-16F7-4668-BE54-9A1E7A4F7556}") = "Academia.Dotnet.ExerciciosSelecao.17", "ExerciciosSelecao\Academia.Dotnet.ExerciciosSelecao.17\Academia.Dotnet.ExerciciosSelecao.17.csproj", "{EEEFCA0E-3A5A-4560-A504-8DC6C581AA61}"
EndProject
Project("{9A19103F-16F7-4668-BE54-9A1E7A4F7556}") = "Academia.Dotnet.ExerciciosSelecao.18", "ExerciciosSelecao\Academia.Dotnet.ExerciciosSelecao.18\Academia.Dotnet.ExerciciosSelecao.18.csproj", "{5B385F08-C0F9-4165-A243-5E245B14BC59}"
EndProject
Project("{9A19103F-16F7-4668-BE54-9A1E7A4F7556}") = "Academia.Dotnet.ExerciciosSelecao.19", "ExerciciosSelecao\Academia.Dotnet.ExerciciosSelecao.19\Academia.Dotnet.ExerciciosSelecao.19.csproj", "{A6BBE48D-D875-4239-ADAE-C7E46563E4A6}"
EndProject
Project("{9A19103F-16F7-4668-BE54-9A1E7A4F7556}") = "Academia.Dotnet.ExerciciosSelecao.20", "ExerciciosSelecao\Academia.Dotnet.ExerciciosSelecao.20\Academia.Dotnet.ExerciciosSelecao.20.csproj", "{4D250E09-5B09-4B9E-9742-CA3E4900E1AD}"
EndProject
Project("{9A19103F-16F7-4668-BE54-9A1E7A4F7556}") = "Academia.Dotnet.ExerciciosSelecao.21", "ExerciciosSelecao\Academia.Dotnet.ExerciciosSelecao.21\Academia.Dotnet.ExerciciosSelecao.21.csproj", "{643638E1-36E1-4FC6-B132-2E3CF84CA227}"
EndProject
Project("{2150E333-8FDC-42A3-9474-1A3956D46DE8}") = "03 - Exercício Repetição", "03 - Exercício Repetição", "{F77D866E-C0C2-4C8A-B0BE-48C54CF9E076}"
EndProject
Project("{9A19103F-16F7-4668-BE54-9A1E7A4F7556}") = "Academia.Dotnet.ExerciciosRepeticao.01", "ExerciciosRepeticao\Academia.Dotnet.ExerciciosRepeticao.01\Academia.Dotnet.ExerciciosRepeticao.01.csproj", "{A5165581-4C67-454F-837C-603BC14B4EE7}"
EndProject
Project("{9A19103F-16F7-4668-BE54-9A1E7A4F7556}") = "Academia.Dotnet.ExerciciosRepeticao.02", "ExerciciosRepeticao\Academia.Dotnet.ExerciciosRepeticao.02\Academia.Dotnet.ExerciciosRepeticao.02.csproj", "{B4178A8B-7F5B-4A0F-AF75-822AD947978D}"
EndProject
Project("{9A19103F-16F7-4668-BE54-9A1E7A4F7556}") = "Academia.Dotnet.ExerciciosRepeticao.03", "ExerciciosRepeticao\Academia.Dotnet.ExerciciosRepeticao.03\Academia.Dotnet.ExerciciosRepeticao.03.csproj", "{F5D4B134-ED0E-40C0-B744-1E0A1211C6EE}"
EndProject
Project("{9A19103F-16F7-4668-BE54-9A1E7A4F7556}") = "Academia.Dotnet.ExerciciosRepeticao.04", "ExerciciosRepeticao\Academia.Dotnet.ExerciciosRepeticao.04\Academia.Dotnet.ExerciciosRepeticao.04.csproj", "{3B3775AE-AC32-4944-AED4-E4F771AB3F0F}"
EndProject
Project("{9A19103F-16F7-4668-BE54-9A1E7A4F7556}") = "Academia.Dotnet.ExerciciosRepeticao.05", "ExerciciosRepeticao\Academia.Dotnet.ExerciciosRepeticao.05\Academia.Dotnet.ExerciciosRepeticao.05.csproj", "{1EAED551-39B2-4D62-AF06-E1211CCBD31B}"
EndProject
Project("{9A19103F-16F7-4668-BE54-9A1E7A4F7556}") = "Academia.Dotnet.ExerciciosRepeticao.06", "ExerciciosRepeticao\Academia.Dotnet.ExerciciosRepeticao.06\Academia.Dotnet.ExerciciosRepeticao.06.csproj", "{E94BB4C2-2AAA-4037-B77B-865255452990}"
EndProject
Project("{9A19103F-16F7-4668-BE54-9A1E7A4F7556}") = "Academia.Dotnet.ExerciciosRepeticao.07", "ExerciciosRepeticao\Academia.Dotnet.ExerciciosRepeticao.07\Academia.Dotnet.ExerciciosRepeticao.07.csproj", "{11D2F1A1-7F1F-4D52-8A71-82ACA59AA09C}"
EndProject
Project("{2150E333-8FDC-42A3-9474-1A3956D46DE8}") = "04 - Exercício Repetição PT2", "04 - Exercício Repetição PT2", "{9DECBA86-CD4D-4580-BEF4-05842820C301}"
EndProject
Project("{9A19103F-16F7-4668-BE54-9A1E7A4F7556}") = "Academia.Dotnet.ExerciciosRepeticaoPT2.01", "ExerciciosRepeticaoPT2\Academia.Dotnet.ExerciciosRepeticaoPT2.01\Academia.Dotnet.ExerciciosRepeticaoPT2.01.csproj", "{0ED18CCF-406B-443C-9E75-90E94DCE8AD2}"
EndProject
Project("{9A19103F-16F7-4668-BE54-9A1E7A4F7556}") = "Academia.Dotnet.ExerciciosRepeticaoPT2.02", "ExerciciosRepeticaoPT2\Academia.Dotnet.ExerciciosRepeticaoPT2.02\Academia.Dotnet.ExerciciosRepeticaoPT2.02.csproj", "{D6F6C828-B8AC-4A05-A9D0-DFC30B72EC48}"
EndProject
Project("{9A19103F-16F7-4668-BE54-9A1E7A4F7556}") = "Academia.Dotnet.ExerciciosRepeticaoPT2.03", "ExerciciosRepeticaoPT2\Academia.Dotnet.ExerciciosRepeticaoPT2.03\Academia.Dotnet.ExerciciosRepeticaoPT2.03.csproj", "{ADDF019E-E0CE-4737-8A9A-AEB006C51A2F}"
EndProject
Project("{9A19103F-16F7-4668-BE54-9A1E7A4F7556}") = "Academia.Dotnet.ExerciciosRepeticaoPT2.04", "ExerciciosRepeticaoPT2\Academia.Dotnet.ExerciciosRepeticaoPT2.04\Academia.Dotnet.ExerciciosRepeticaoPT2.04.csproj", "{273BA459-4F76-4D8E-8A51-AC160FE12494}"
EndProject
Project("{9A19103F-16F7-4668-BE54-9A1E7A4F7556}") = "Academia.Dotnet.ExerciciosRepeticaoPT2.05", "ExerciciosRepeticaoPT2\Academia.Dotnet.ExerciciosRepeticaoPT2.05\Academia.Dotnet.ExerciciosRepeticaoPT2.05.csproj", "{64F2923A-486B-4361-8091-F14FC0A53FE1}"
EndProject
Project("{9A19103F-16F7-4668-BE54-9A1E7A4F7556}") = "Academia.Dotnet.ExerciciosRepeticaoPT2.06", "ExerciciosRepeticaoPT2\Academia.Dotnet.ExerciciosRepeticaoPT2.06\Academia.Dotnet.ExerciciosRepeticaoPT2.06.csproj", "{F5F60ABC-982F-47B9-81F9-E459043D6F24}"
EndProject
Project("{9A19103F-16F7-4668-BE54-9A1E7A4F7556}") = "Academia.Dotnet.ExerciciosRepeticaoPT2.07", "ExerciciosRepeticaoPT2\Academia.Dotnet.ExerciciosRepeticaoPT2.07\Academia.Dotnet.ExerciciosRepeticaoPT2.07.csproj", "{8BE22C02-DCA8-4746-94FA-49D74ABCA092}"
EndProject
Project("{9A19103F-16F7-4668-BE54-9A1E7A4F7556}") = "Academia.Dotnet.ExerciciosRepeticaoPT2.08", "ExerciciosRepeticaoPT2\Academia.Dotnet.ExerciciosRepeticaoPT2.08\Academia.Dotnet.ExerciciosRepeticaoPT2.08.csproj", "{1A718993-D6D5-400F-8097-A419C3753E78}"
EndProject
Project("{9A19103F-16F7-4668-BE54-9A1E7A4F7556}") = "Academia.Dotnet.ExerciciosRepeticaoPT2.09", "ExerciciosRepeticaoPT2\Academia.Dotnet.ExerciciosRepeticaoPT2.09\Academia.Dotnet.ExerciciosRepeticaoPT2.09.csproj", "{593BC2AC-05B7-4EF9-A748-2046A66C950E}"
EndProject
Project("{9A19103F-16F7-4668-BE54-9A1E7A4F7556}") = "Academia.Dotnet.ExerciciosRepeticaoPT2.10", "ExerciciosRepeticaoPT2\Academia.Dotnet.ExerciciosRepeticaoPT2.10\Academia.Dotnet.ExerciciosRepeticaoPT2.10.csproj", "{D3DF3566-2927-480C-9D32-06ED73DD9465}"
EndProject
Project("{9A19103F-16F7-4668-BE54-9A1E7A4F7556}") = "Academia.Dotnet.ExerciciosRepeticaoPT2.11", "ExerciciosRepeticaoPT2\Academia.Dotnet.ExerciciosRepeticaoPT2.11\Academia.Dotnet.ExerciciosRepeticaoPT2.11.csproj", "{04CB917F-64C6-4BFE-BF73-354DFFB73A4F}"
EndProject
Project("{9A19103F-16F7-4668-BE54-9A1E7A4F7556}") = "Academia.Dotnet.ExerciciosRepeticaoPT2.12", "ExerciciosRepeticaoPT2\Academia.Dotnet.ExerciciosRepeticaoPT2.12\Academia.Dotnet.ExerciciosRepeticaoPT2.12.csproj", "{1C0985C9-2B66-49CE-BE47-15FF0DF0A08D}"
EndProject
Project("{9A19103F-16F7-4668-BE54-9A1E7A4F7556}") = "Academia.Dotnet.ExerciciosRepeticaoPT2.13", "ExerciciosRepeticaoPT2\Academia.Dotnet.ExerciciosRepeticaoPT2.13\Academia.Dotnet.ExerciciosRepeticaoPT2.13.csproj", "{75B6FAFF-FD62-45F5-8D47-385E37C5616C}"
EndProject
Project("{9A19103F-16F7-4668-BE54-9A1E7A4F7556}") = "Academia.Dotnet.ExerciciosRepeticaoPT2.14", "ExerciciosRepeticaoPT2\Academia.Dotnet.ExerciciosRepeticaoPT2.14\Academia.Dotnet.ExerciciosRepeticaoPT2.14.csproj", "{1CD6774C-CF7B-4C0A-B364-BBF6E9324311}"
EndProject
Project("{9A19103F-16F7-4668-BE54-9A1E7A4F7556}") = "Academia.Dotnet.ExerciciosRepeticaoPT2.15", "ExerciciosRepeticaoPT2\Academia.Dotnet.ExerciciosRepeticaoPT2.15\Academia.Dotnet.ExerciciosRepeticaoPT2.15.csproj", "{A56FB018-A845-4B3E-B950-4629919837BC}"
EndProject
Project("{9A19103F-16F7-4668-BE54-9A1E7A4F7556}") = "Academia.Dotnet.ExerciciosRepeticaoPT2.16", "ExerciciosRepeticaoPT2\Academia.Dotnet.ExerciciosRepeticaoPT2.16\Academia.Dotnet.ExerciciosRepeticaoPT2.16.csproj", "{D2897659-5AA7-4F2E-B7C6-114621C06E47}"
EndProject
Project("{9A19103F-16F7-4668-BE54-9A1E7A4F7556}") = "Academia.Dotnet.ExerciciosRepeticaoPT2.17", "ExerciciosRepeticaoPT2\Academia.Dotnet.ExerciciosRepeticaoPT2.17\Academia.Dotnet.ExerciciosRepeticaoPT2.17.csproj", "{C32383C0-FA2C-45F7-8543-0001F079DDA0}"
EndProject
Project("{9A19103F-16F7-4668-BE54-9A1E7A4F7556}") = "Academia.Dotnet.ExerciciosRepeticaoPT2.18", "ExerciciosRepeticaoPT2\Academia.Dotnet.ExerciciosRepeticaoPT2.18\Academia.Dotnet.ExerciciosRepeticaoPT2.18.csproj", "{5A7E587B-F3F6-4BB9-8B3E-419AC1D19E92}"
EndProject
Project("{9A19103F-16F7-4668-BE54-9A1E7A4F7556}") = "Academia.Dotnet.ExerciciosRepeticaoPT2.19", "ExerciciosRepeticaoPT2\Academia.Dotnet.ExerciciosRepeticaoPT2.19\Academia.Dotnet.ExerciciosRepeticaoPT2.19.csproj", "{92988534-1DA4-4825-925C-8BDB6C6EC382}"
EndProject
Project("{9A19103F-16F7-4668-BE54-9A1E7A4F7556}") = "Academia.Dotnet.ExerciciosRepeticaoPT2.20", "ExerciciosRepeticaoPT2\Academia.Dotnet.ExerciciosRepeticaoPT2.20\Academia.Dotnet.ExerciciosRepeticaoPT2.20.csproj", "{303353F1-F6FA-4415-837E-122B73DDAA3D}"
EndProject
Project("{2150E333-8FDC-42A3-9474-1A3956D46DE8}") = "05 - Exercício Vetores", "05 - Exercício Vetores", "{21C13BF2-4146-4689-98F1-4E34425A808D}"
EndProject
Project("{9A19103F-16F7-4668-BE54-9A1E7A4F7556}") = "Academia.Dotnet.ExerciciosVetores.01", "ExercicioVetores\Academia.Dotnet.ExerciciosVetores.01\Academia.Dotnet.ExerciciosVetores.01.csproj", "{7771D722-02C0-48BB-A85D-66132806955F}"
EndProject
Project("{9A19103F-16F7-4668-BE54-9A1E7A4F7556}") = "Academia.Dotnet.ExerciciosVetores.02", "ExercicioVetores\Academia.Dotnet.ExerciciosVetores.02\Academia.Dotnet.ExerciciosVetores.02.csproj", "{7C6E5A82-3AAC-402C-A3C5-8C02ADCA3163}"
EndProject
Project("{9A19103F-16F7-4668-BE54-9A1E7A4F7556}") = "Academia.Dotnet.ExerciciosVetores.03", "ExercicioVetores\Academia.Dotnet.ExerciciosVetores.03\Academia.Dotnet.ExerciciosVetores.03.csproj", "{6058FEB7-9B5D-49CD-84C5-FB17755151CF}"
EndProject
Project("{9A19103F-16F7-4668-BE54-9A1E7A4F7556}") = "Academia.Dotnet.ExerciciosVetores.04", "ExercicioVetores\Academia.Dotnet.ExerciciosVetores.04\Academia.Dotnet.ExerciciosVetores.04.csproj", "{27E9F823-95CB-4E43-BFA1-2BE791DC9BE8}"
EndProject
Project("{9A19103F-16F7-4668-BE54-9A1E7A4F7556}") = "Academia.Dotnet.ExerciciosVetores.05", "ExercicioVetores\Academia.Dotnet.ExerciciosVetores.05\Academia.Dotnet.ExerciciosVetores.05.csproj", "{F3CB2912-BD06-4DB4-82B7-5B6823F15AD8}"
EndProject
Project("{9A19103F-16F7-4668-BE54-9A1E7A4F7556}") = "Academia.Dotnet.ExerciciosVetores.06", "ExercicioVetores\Academia.Dotnet.ExerciciosVetores.06\Academia.Dotnet.ExerciciosVetores.06.csproj", "{18BF7C3D-78C1-48B6-BA8C-5289D03B962C}"
EndProject
Project("{9A19103F-16F7-4668-BE54-9A1E7A4F7556}") = "Academia.Dotnet.ExerciciosVetores.07", "ExercicioVetores\Academia.Dotnet.ExerciciosVetores.07\Academia.Dotnet.ExerciciosVetores.07.csproj", "{5F31059C-9255-4EFD-8CFA-F87FD1455888}"
EndProject
Project("{9A19103F-16F7-4668-BE54-9A1E7A4F7556}") = "Academia.Dotnet.ExerciciosVetores.08", "ExercicioVetores\Academia.Dotnet.ExerciciosVetores.08\Academia.Dotnet.ExerciciosVetores.08.csproj", "{20AAE369-917F-4354-BDF9-E65B577AD5FE}"
EndProject
Project("{9A19103F-16F7-4668-BE54-9A1E7A4F7556}") = "Academia.Dotnet.ExerciciosVetores.09", "ExercicioVetores\Academia.Dotnet.ExerciciosVetores.09\Academia.Dotnet.ExerciciosVetores.09.csproj", "{6227D466-8172-49F5-BDE2-AF8D9B649496}"
EndProject
Project("{9A19103F-16F7-4668-BE54-9A1E7A4F7556}") = "Academia.Dotnet.ExerciciosVetores.10", "ExercicioVetores\Academia.Dotnet.ExerciciosVetores.10\Academia.Dotnet.ExerciciosVetores.10.csproj", "{959B792E-32AD-4F6E-9AE1-ED93EBC88674}"
EndProject
Project("{9A19103F-16F7-4668-BE54-9A1E7A4F7556}") = "Academia.Dotnet.ExerciciosVetores.11", "ExercicioVetores\Academia.Dotnet.ExerciciosVetores.11\Academia.Dotnet.ExerciciosVetores.11.csproj", "{15D5970B-BE76-4085-BB4E-36E89FABB773}"
EndProject
Project("{9A19103F-16F7-4668-BE54-9A1E7A4F7556}") = "Academia.Dotnet.ExerciciosVetores.12", "ExercicioVetores\Academia.Dotnet.ExerciciosVetores.12\Academia.Dotnet.ExerciciosVetores.12.csproj", "{2C25B5E0-4A77-4A8B-B908-52566D80475D}"
EndProject
Project("{9A19103F-16F7-4668-BE54-9A1E7A4F7556}") = "Academia.Dotnet.ExerciciosVetores.13", "ExercicioVetores\Academia.Dotnet.ExerciciosVetores.13\Academia.Dotnet.ExerciciosVetores.13.csproj", "{B4C5125A-E254-49EC-B19A-A9852A695A65}"
EndProject
Project("{9A19103F-16F7-4668-BE54-9A1E7A4F7556}") = "Academia.Dotnet.ExerciciosVetores.14", "ExercicioVetores\Academia.Dotnet.ExerciciosVetores.14\Academia.Dotnet.ExerciciosVetores.14.csproj", "{4ADEE4E5-8BCC-4B43-AFAD-5FE32F3E2979}"
EndProject
Project("{9A19103F-16F7-4668-BE54-9A1E7A4F7556}") = "Academia.Dotnet.ExerciciosVetores.15", "ExercicioVetores\Academia.Dotnet.ExerciciosVetores.15\Academia.Dotnet.ExerciciosVetores.15.csproj", "{6BEF04E2-A8C3-4232-94BB-39CDD11D54E3}"
EndProject
Project("{9A19103F-16F7-4668-BE54-9A1E7A4F7556}") = "Academia.Dotnet.ExerciciosVetores.16", "ExercicioVetores\Academia.Dotnet.ExerciciosVetores.16\Academia.Dotnet.ExerciciosVetores.16.csproj", "{5984FFF7-6D00-4066-8725-F9E313A7DF4E}"
EndProject
Project("{2150E333-8FDC-42A3-9474-1A3956D46DE8}") = "06 - Exercícios Matrizes", "06 - Exercícios Matrizes", "{71896DE7-D2DC-4578-BC02-62BFB603B85A}"
EndProject
Project("{9A19103F-16F7-4668-BE54-9A1E7A4F7556}") = "Academia.Dotnet.ExerciciosMatrizes.01", "ExerciciosMatrizes\Academia.Dotnet.ExerciciosMatrizes.01\Academia.Dotnet.ExerciciosMatrizes.01.csproj", "{B128C34D-43C6-42F1-989E-3BD4C1D5D1CB}"
EndProject
Project("{9A19103F-16F7-4668-BE54-9A1E7A4F7556}") = "Academia.Dotnet.ExerciciosMatrizes.02", "ExerciciosMatrizes\Academia.Dotnet.ExerciciosMatrizes.02\Academia.Dotnet.ExerciciosMatrizes.02.csproj", "{642FC5B8-6801-4942-9C88-C547FDE9286A}"
EndProject
Project("{9A19103F-16F7-4668-BE54-9A1E7A4F7556}") = "Academia.Dotnet.ExerciciosMatrizes.03", "ExerciciosMatrizes\Academia.Dotnet.ExerciciosMatrizes.03\Academia.Dotnet.ExerciciosMatrizes.03.csproj", "{7E6A9217-7CF5-4E42-AE70-388C3C03E922}"
EndProject
Project("{9A19103F-16F7-4668-BE54-9A1E7A4F7556}") = "Academia.Dotnet.ExerciciosMatrizes.04", "ExerciciosMatrizes\Academia.Dotnet.ExerciciosMatrizes.04\Academia.Dotnet.ExerciciosMatrizes.04.csproj", "{F7A853B2-7E06-4823-B4F9-C7032A7AE381}"
EndProject
Project("{9A19103F-16F7-4668-BE54-9A1E7A4F7556}") = "Academia.Dotnet.ExerciciosMatrizes.05", "ExerciciosMatrizes\Academia.Dotnet.ExerciciosMatrizes.05\Academia.Dotnet.ExerciciosMatrizes.05.csproj", "{0169A9C4-2CA6-42CA-86DC-DCBF3C2E0E30}"
EndProject
Project("{9A19103F-16F7-4668-BE54-9A1E7A4F7556}") = "Academia.Dotnet.ExerciciosMatrizes.06", "ExerciciosMatrizes\Academia.Dotnet.ExerciciosMatrizes.06\Academia.Dotnet.ExerciciosMatrizes.06.csproj", "{7DA3B9F5-A346-4303-B91F-8FDE92FF5798}"
EndProject
Project("{9A19103F-16F7-4668-BE54-9A1E7A4F7556}") = "Academia.Dotnet.ExerciciosMatrizes.07", "ExerciciosMatrizes\Academia.Dotnet.ExerciciosMatrizes.07\Academia.Dotnet.ExerciciosMatrizes.07.csproj", "{FCF048B7-D74A-4E3A-8F0F-685DF768BD01}"
EndProject
Project("{9A19103F-16F7-4668-BE54-9A1E7A4F7556}") = "Academia.Dotnet.ExerciciosMatrizes.08", "ExerciciosMatrizes\Academia.Dotnet.ExerciciosMatrizes.08\Academia.Dotnet.ExerciciosMatrizes.08.csproj", "{F74F7CE4-EDF0-49FF-B46E-4F112AC9F389}"
EndProject
Project("{9A19103F-16F7-4668-BE54-9A1E7A4F7556}") = "Academia.Dotnet.ExerciciosMatrizes.09", "ExerciciosMatrizes\Academia.Dotnet.ExerciciosMatrizes.09\Academia.Dotnet.ExerciciosMatrizes.09.csproj", "{7A5BA382-210F-4EA9-B5E9-C4C54A55486C}"
EndProject
Project("{9A19103F-16F7-4668-BE54-9A1E7A4F7556}") = "Academia.Dotnet.ExerciciosMatrizes.10", "ExerciciosMatrizes\Academia.Dotnet.ExerciciosMatrizes.10\Academia.Dotnet.ExerciciosMatrizes.10.csproj", "{768F72D8-00D6-4E61-A243-34F70860D1A6}"
EndProject
Project("{9A19103F-16F7-4668-BE54-9A1E7A4F7556}") = "Academia.Dotnet.ExerciciosMatrizes.11", "ExerciciosMatrizes\Academia.Dotnet.ExerciciosMatrizes.11\Academia.Dotnet.ExerciciosMatrizes.11.csproj", "{F58883F4-EE15-4622-A6F7-4D26B66C3EAE}"
EndProject
Project("{9A19103F-16F7-4668-BE54-9A1E7A4F7556}") = "Academia.Dotnet.ExerciciosMatrizes.12", "ExerciciosMatrizes\Academia.Dotnet.ExerciciosMatrizes.12\Academia.Dotnet.ExerciciosMatrizes.12.csproj", "{4EBE7099-E5E2-424F-8670-6EC8F96F54A6}"
EndProject
Project("{9A19103F-16F7-4668-BE54-9A1E7A4F7556}") = "Academia.Dotnet.ExerciciosMatrizes.13", "ExerciciosMatrizes\Academia.Dotnet.ExerciciosMatrizes.13\Academia.Dotnet.ExerciciosMatrizes.13.csproj", "{CFADC4C1-F474-4C59-B7F9-A07839E6E6E0}"
EndProject
Project("{9A19103F-16F7-4668-BE54-9A1E7A4F7556}") = "Academia.Dotnet.ExerciciosMatrizes.14", "ExerciciosMatrizes\Academia.Dotnet.ExerciciosMatrizes.14\Academia.Dotnet.ExerciciosMatrizes.14.csproj", "{EA2F10F4-4C1D-46DD-9A57-65B63DDA1250}"
EndProject
Project("{9A19103F-16F7-4668-BE54-9A1E7A4F7556}") = "Academia.Dotnet.ExerciciosMatrizes.15", "ExerciciosMatrizes\Academia.Dotnet.ExerciciosMatrizes.15\Academia.Dotnet.ExerciciosMatrizes.15.csproj", "{0B8BD026-691B-4E6C-A873-871E3CABCA0A}"
EndProject
Project("{9A19103F-16F7-4668-BE54-9A1E7A4F7556}") = "Academia.Dotnet.ExerciciosMatrizes.16", "ExerciciosMatrizes\Academia.Dotnet.ExerciciosMatrizes.16\Academia.Dotnet.ExerciciosMatrizes.16.csproj", "{E84B2F33-CBBC-4B00-8040-E9885D12DDA3}"
EndProject
Project("{9A19103F-16F7-4668-BE54-9A1E7A4F7556}") = "Academia.Dotnet.ExerciciosMatrizes.17", "ExerciciosMatrizes\Academia.Dotnet.ExerciciosMatrizes.17\Academia.Dotnet.ExerciciosMatrizes.17.csproj", "{F7045981-A6D6-4CE8-A14D-5807F0610B19}"
EndProject
Project("{2150E333-8FDC-42A3-9474-1A3956D46DE8}") = "07 - Desafio Matriz", "07 - Desafio Matriz", "{CFBF784C-1B2A-45F0-A90F-4F02E7791582}"
EndProject
Project("{9A19103F-16F7-4668-BE54-9A1E7A4F7556}") = "Academia.Dotnet.JogoDaVelha.V1", "DesafioMatriz\Academia.Dotnet.JogoDaVelha.V1\Academia.Dotnet.JogoDaVelha.V1.csproj", "{15D880FB-EC3F-4B6C-9F3C-C22160757C2D}"
EndProject
Project("{9A19103F-16F7-4668-BE54-9A1E7A4F7556}") = "Academia.Dotnet.JogoDaVelha.V2", "DesafioMatriz\Academia.Dotnet.JogoDaVelha.V2\Academia.Dotnet.JogoDaVelha.V2.csproj", "{F513FD3F-4701-421B-8A07-D3B2EBC0D6DE}"
EndProject
Project("{2150E333-8FDC-42A3-9474-1A3956D46DE8}") = "08 - Exercícios Funções", "08 - Exercícios Funções", "{F0914108-67DF-4F04-BF80-30C93E8D4F3D}"
EndProject
Project("{9A19103F-16F7-4668-BE54-9A1E7A4F7556}") = "Academia.Dotnet.ExerciciosFuncoes.01", "ExerciciosFuncoes\Academia.Dotnet.ExerciciosFuncoes.01\Academia.Dotnet.ExerciciosFuncoes.01.csproj", "{87427E59-B6BE-4177-8CFF-7B92DD5059A5}"
EndProject
Project("{9A19103F-16F7-4668-BE54-9A1E7A4F7556}") = "Academia.Dotnet.ExerciciosFuncoes.02", "ExerciciosFuncoes\Academia.Dotnet.ExerciciosFuncoes.02\Academia.Dotnet.ExerciciosFuncoes.02.csproj", "{E8F66659-6E08-4131-96BE-25C59666DB3D}"
EndProject
Project("{9A19103F-16F7-4668-BE54-9A1E7A4F7556}") = "Academia.Dotnet.ExerciciosFuncoes.03", "ExerciciosFuncoes\Academia.Dotnet.ExerciciosFuncoes.03\Academia.Dotnet.ExerciciosFuncoes.03.csproj", "{7758737D-4FB0-403E-AA3A-B4A72D1E96FE}"
EndProject
Project("{9A19103F-16F7-4668-BE54-9A1E7A4F7556}") = "Academia.Dotnet.ExerciciosFuncoes.04", "ExerciciosFuncoes\Academia.Dotnet.ExerciciosFuncoes.04\Academia.Dotnet.ExerciciosFuncoes.04.csproj", "{9BD47404-4872-4DA2-BEC0-1B50767F7596}"
EndProject
Project("{9A19103F-16F7-4668-BE54-9A1E7A4F7556}") = "Academia.Dotnet.ExerciciosFuncoes.05", "ExerciciosFuncoes\Academia.Dotnet.ExerciciosFuncoes.05\Academia.Dotnet.ExerciciosFuncoes.05.csproj", "{5F0835E9-7AD2-435D-8E48-8C6773536992}"
EndProject
Project("{9A19103F-16F7-4668-BE54-9A1E7A4F7556}") = "Academia.Dotnet.ExerciciosFuncoes.06", "ExerciciosFuncoes\Academia.Dotnet.ExerciciosFuncoes.06\Academia.Dotnet.ExerciciosFuncoes.06.csproj", "{4F68C724-D009-4CB4-8248-986009809A90}"
EndProject
Project("{9A19103F-16F7-4668-BE54-9A1E7A4F7556}") = "Academia.Dotnet.ExerciciosFuncoes.07", "ExerciciosFuncoes\Academia.Dotnet.ExerciciosFuncoes.07\Academia.Dotnet.ExerciciosFuncoes.07.csproj", "{14DD5282-DABF-42B8-A907-05253A3873A6}"
EndProject
Project("{9A19103F-16F7-4668-BE54-9A1E7A4F7556}") = "Academia.Dotnet.ExerciciosFuncoes.08", "ExerciciosFuncoes\Academia.Dotnet.ExerciciosFuncoes.08\Academia.Dotnet.ExerciciosFuncoes.08.csproj", "{D1B42CA7-FBFC-4AEE-B66E-55987D928D4C}"
EndProject
Project("{9A19103F-16F7-4668-BE54-9A1E7A4F7556}") = "Academia.Dotnet.ExerciciosFuncoes.09", "ExerciciosFuncoes\Academia.Dotnet.ExerciciosFuncoes.09\Academia.Dotnet.ExerciciosFuncoes.09.csproj", "{2BF2099E-D9F0-405D-B803-53ABCBE493E0}"
EndProject
Project("{2150E333-8FDC-42A3-9474-1A3956D46DE8}") = "09 - Exercícios Funções PT2", "09 - Exercícios Funções PT2", "{16509ABC-1E35-4EE8-8D8B-1B7709256A7F}"
EndProject
Project("{9A19103F-16F7-4668-BE54-9A1E7A4F7556}") = "Academia.Dotnet.ExerciciosFuncoesPT2.01", "ExerciciosFuncoesPT2\Academia.Dotnet.ExerciciosFuncoesPT2.01\Academia.Dotnet.ExerciciosFuncoesPT2.01.csproj", "{AE58563E-AA07-4596-82A4-AD7861E8E9B9}"
EndProject
Project("{9A19103F-16F7-4668-BE54-9A1E7A4F7556}") = "Academia.Dotnet.ExerciciosFuncoesPT2.02", "ExerciciosFuncoesPT2\Academia.Dotnet.ExerciciosFuncoesPT2.02\Academia.Dotnet.ExerciciosFuncoesPT2.02.csproj", "{87BC8391-A15B-4EF8-91C1-FF6133CF4301}"
EndProject
Project("{9A19103F-16F7-4668-BE54-9A1E7A4F7556}") = "Academia.Dotnet.ExerciciosFuncoesPT2.03", "ExerciciosFuncoesPT2\Academia.Dotnet.ExerciciosFuncoesPT2.03\Academia.Dotnet.ExerciciosFuncoesPT2.03.csproj", "{A155079B-1500-452B-A959-3B23A17C09A1}"
EndProject
Project("{9A19103F-16F7-4668-BE54-9A1E7A4F7556}") = "Academia.Dotnet.ExerciciosFuncoesPT2.04", "ExerciciosFuncoesPT2\Academia.Dotnet.ExerciciosFuncoesPT2.04\Academia.Dotnet.ExerciciosFuncoesPT2.04.csproj", "{3AEF0FA9-A81A-4B69-B754-651F962AF8AF}"
EndProject
Project("{FAE04EC0-301F-11D3-BF4B-00C04F79EFBC}") = "Academia.Dotnet.ExerciciosFuncoesPT2.05", "ExerciciosFuncoesPT2\Academia.Dotnet.ExerciciosFuncoesPT2.05\Academia.Dotnet.ExerciciosFuncoesPT2.05.csproj", "{0E7B4787-76D4-4730-8EBE-329A98B6A870}"
EndProject
Project("{FAE04EC0-301F-11D3-BF4B-00C04F79EFBC}") = "Academia.Dotnet.ExerciciosFuncoesPT2.06", "ExerciciosFuncoesPT2\Academia.Dotnet.ExerciciosFuncoesPT2.06\Academia.Dotnet.ExerciciosFuncoesPT2.06.csproj", "{1F364374-42BC-4260-8EAD-17B1E23AFBAF}"
EndProject
Project("{FAE04EC0-301F-11D3-BF4B-00C04F79EFBC}") = "Academia.Dotnet.ExerciciosFuncoesPT2.07", "ExerciciosFuncoesPT2\Academia.Dotnet.ExerciciosFuncoesPT2.07\Academia.Dotnet.ExerciciosFuncoesPT2.07.csproj", "{70C0094E-3669-4B4A-AB6E-0CDEC666AF97}"
EndProject
Global
	GlobalSection(SolutionConfigurationPlatforms) = preSolution
		Debug|Any CPU = Debug|Any CPU
		Release|Any CPU = Release|Any CPU
	EndGlobalSection
	GlobalSection(ProjectConfigurationPlatforms) = postSolution
		{E37B7CC1-DFBD-4D60-855F-7E78F971E85F}.Debug|Any CPU.ActiveCfg = Debug|Any CPU
		{E37B7CC1-DFBD-4D60-855F-7E78F971E85F}.Debug|Any CPU.Build.0 = Debug|Any CPU
		{E37B7CC1-DFBD-4D60-855F-7E78F971E85F}.Release|Any CPU.ActiveCfg = Release|Any CPU
		{E37B7CC1-DFBD-4D60-855F-7E78F971E85F}.Release|Any CPU.Build.0 = Release|Any CPU
		{5F3DD63A-3FA4-4795-A2C6-6D8BEAF2297C}.Debug|Any CPU.ActiveCfg = Debug|Any CPU
		{5F3DD63A-3FA4-4795-A2C6-6D8BEAF2297C}.Debug|Any CPU.Build.0 = Debug|Any CPU
		{5F3DD63A-3FA4-4795-A2C6-6D8BEAF2297C}.Release|Any CPU.ActiveCfg = Release|Any CPU
		{5F3DD63A-3FA4-4795-A2C6-6D8BEAF2297C}.Release|Any CPU.Build.0 = Release|Any CPU
		{FDC26C49-8361-4EAA-A5FE-C3C34A66E712}.Debug|Any CPU.ActiveCfg = Debug|Any CPU
		{FDC26C49-8361-4EAA-A5FE-C3C34A66E712}.Debug|Any CPU.Build.0 = Debug|Any CPU
		{FDC26C49-8361-4EAA-A5FE-C3C34A66E712}.Release|Any CPU.ActiveCfg = Release|Any CPU
		{FDC26C49-8361-4EAA-A5FE-C3C34A66E712}.Release|Any CPU.Build.0 = Release|Any CPU
		{23D4EFBB-5623-4E62-847B-FBE4E3FB6FD7}.Debug|Any CPU.ActiveCfg = Debug|Any CPU
		{23D4EFBB-5623-4E62-847B-FBE4E3FB6FD7}.Debug|Any CPU.Build.0 = Debug|Any CPU
		{23D4EFBB-5623-4E62-847B-FBE4E3FB6FD7}.Release|Any CPU.ActiveCfg = Release|Any CPU
		{23D4EFBB-5623-4E62-847B-FBE4E3FB6FD7}.Release|Any CPU.Build.0 = Release|Any CPU
		{EE770185-41E1-488E-85CC-A6F88D874DEF}.Debug|Any CPU.ActiveCfg = Debug|Any CPU
		{EE770185-41E1-488E-85CC-A6F88D874DEF}.Debug|Any CPU.Build.0 = Debug|Any CPU
		{EE770185-41E1-488E-85CC-A6F88D874DEF}.Release|Any CPU.ActiveCfg = Release|Any CPU
		{EE770185-41E1-488E-85CC-A6F88D874DEF}.Release|Any CPU.Build.0 = Release|Any CPU
		{7112611C-3290-4198-9128-70DF8318D5F8}.Debug|Any CPU.ActiveCfg = Debug|Any CPU
		{7112611C-3290-4198-9128-70DF8318D5F8}.Debug|Any CPU.Build.0 = Debug|Any CPU
		{7112611C-3290-4198-9128-70DF8318D5F8}.Release|Any CPU.ActiveCfg = Release|Any CPU
		{7112611C-3290-4198-9128-70DF8318D5F8}.Release|Any CPU.Build.0 = Release|Any CPU
		{E9B2D6C9-E16D-41DC-9053-4AD993007C44}.Debug|Any CPU.ActiveCfg = Debug|Any CPU
		{E9B2D6C9-E16D-41DC-9053-4AD993007C44}.Debug|Any CPU.Build.0 = Debug|Any CPU
		{E9B2D6C9-E16D-41DC-9053-4AD993007C44}.Release|Any CPU.ActiveCfg = Release|Any CPU
		{E9B2D6C9-E16D-41DC-9053-4AD993007C44}.Release|Any CPU.Build.0 = Release|Any CPU
		{4FC17686-FC45-4386-B287-26C0200F94F8}.Debug|Any CPU.ActiveCfg = Debug|Any CPU
		{4FC17686-FC45-4386-B287-26C0200F94F8}.Debug|Any CPU.Build.0 = Debug|Any CPU
		{4FC17686-FC45-4386-B287-26C0200F94F8}.Release|Any CPU.ActiveCfg = Release|Any CPU
		{4FC17686-FC45-4386-B287-26C0200F94F8}.Release|Any CPU.Build.0 = Release|Any CPU
		{495DC2D8-AB1B-4206-AA76-3FA448694D22}.Debug|Any CPU.ActiveCfg = Debug|Any CPU
		{495DC2D8-AB1B-4206-AA76-3FA448694D22}.Debug|Any CPU.Build.0 = Debug|Any CPU
		{495DC2D8-AB1B-4206-AA76-3FA448694D22}.Release|Any CPU.ActiveCfg = Release|Any CPU
		{495DC2D8-AB1B-4206-AA76-3FA448694D22}.Release|Any CPU.Build.0 = Release|Any CPU
		{0A2BCE91-981F-4F99-BDB2-B413AD5158F1}.Debug|Any CPU.ActiveCfg = Debug|Any CPU
		{0A2BCE91-981F-4F99-BDB2-B413AD5158F1}.Debug|Any CPU.Build.0 = Debug|Any CPU
		{0A2BCE91-981F-4F99-BDB2-B413AD5158F1}.Release|Any CPU.ActiveCfg = Release|Any CPU
		{0A2BCE91-981F-4F99-BDB2-B413AD5158F1}.Release|Any CPU.Build.0 = Release|Any CPU
		{0F0FC22E-28CC-49EA-86AF-7B4BD34127CA}.Debug|Any CPU.ActiveCfg = Debug|Any CPU
		{0F0FC22E-28CC-49EA-86AF-7B4BD34127CA}.Debug|Any CPU.Build.0 = Debug|Any CPU
		{0F0FC22E-28CC-49EA-86AF-7B4BD34127CA}.Release|Any CPU.ActiveCfg = Release|Any CPU
		{0F0FC22E-28CC-49EA-86AF-7B4BD34127CA}.Release|Any CPU.Build.0 = Release|Any CPU
		{C92F80D6-0DE6-4ED9-947B-93E1DFEA2551}.Debug|Any CPU.ActiveCfg = Debug|Any CPU
		{C92F80D6-0DE6-4ED9-947B-93E1DFEA2551}.Debug|Any CPU.Build.0 = Debug|Any CPU
		{C92F80D6-0DE6-4ED9-947B-93E1DFEA2551}.Release|Any CPU.ActiveCfg = Release|Any CPU
		{C92F80D6-0DE6-4ED9-947B-93E1DFEA2551}.Release|Any CPU.Build.0 = Release|Any CPU
		{29F79AE2-0229-47A0-A4E1-12ACC7FCF22E}.Debug|Any CPU.ActiveCfg = Debug|Any CPU
		{29F79AE2-0229-47A0-A4E1-12ACC7FCF22E}.Debug|Any CPU.Build.0 = Debug|Any CPU
		{29F79AE2-0229-47A0-A4E1-12ACC7FCF22E}.Release|Any CPU.ActiveCfg = Release|Any CPU
		{29F79AE2-0229-47A0-A4E1-12ACC7FCF22E}.Release|Any CPU.Build.0 = Release|Any CPU
		{4C459030-E5D7-46A9-8036-14A9CA5A477C}.Debug|Any CPU.ActiveCfg = Debug|Any CPU
		{4C459030-E5D7-46A9-8036-14A9CA5A477C}.Debug|Any CPU.Build.0 = Debug|Any CPU
		{4C459030-E5D7-46A9-8036-14A9CA5A477C}.Release|Any CPU.ActiveCfg = Release|Any CPU
		{4C459030-E5D7-46A9-8036-14A9CA5A477C}.Release|Any CPU.Build.0 = Release|Any CPU
		{0A1B42C6-A514-4AD2-92E0-56DA8720FAE5}.Debug|Any CPU.ActiveCfg = Debug|Any CPU
		{0A1B42C6-A514-4AD2-92E0-56DA8720FAE5}.Debug|Any CPU.Build.0 = Debug|Any CPU
		{0A1B42C6-A514-4AD2-92E0-56DA8720FAE5}.Release|Any CPU.ActiveCfg = Release|Any CPU
		{0A1B42C6-A514-4AD2-92E0-56DA8720FAE5}.Release|Any CPU.Build.0 = Release|Any CPU
		{0D4C716A-FAC2-4152-81BC-C790C4DCFE3E}.Debug|Any CPU.ActiveCfg = Debug|Any CPU
		{0D4C716A-FAC2-4152-81BC-C790C4DCFE3E}.Debug|Any CPU.Build.0 = Debug|Any CPU
		{0D4C716A-FAC2-4152-81BC-C790C4DCFE3E}.Release|Any CPU.ActiveCfg = Release|Any CPU
		{0D4C716A-FAC2-4152-81BC-C790C4DCFE3E}.Release|Any CPU.Build.0 = Release|Any CPU
		{22ECFF71-D31B-423A-8D78-A7B568043BCF}.Debug|Any CPU.ActiveCfg = Debug|Any CPU
		{22ECFF71-D31B-423A-8D78-A7B568043BCF}.Debug|Any CPU.Build.0 = Debug|Any CPU
		{22ECFF71-D31B-423A-8D78-A7B568043BCF}.Release|Any CPU.ActiveCfg = Release|Any CPU
		{22ECFF71-D31B-423A-8D78-A7B568043BCF}.Release|Any CPU.Build.0 = Release|Any CPU
		{D1FB50BE-55D5-4CBA-B755-94B85667F9E3}.Debug|Any CPU.ActiveCfg = Debug|Any CPU
		{D1FB50BE-55D5-4CBA-B755-94B85667F9E3}.Debug|Any CPU.Build.0 = Debug|Any CPU
		{D1FB50BE-55D5-4CBA-B755-94B85667F9E3}.Release|Any CPU.ActiveCfg = Release|Any CPU
		{D1FB50BE-55D5-4CBA-B755-94B85667F9E3}.Release|Any CPU.Build.0 = Release|Any CPU
		{EB75A196-1435-49A2-AF7E-094E5AF7A71A}.Debug|Any CPU.ActiveCfg = Debug|Any CPU
		{EB75A196-1435-49A2-AF7E-094E5AF7A71A}.Debug|Any CPU.Build.0 = Debug|Any CPU
		{EB75A196-1435-49A2-AF7E-094E5AF7A71A}.Release|Any CPU.ActiveCfg = Release|Any CPU
		{EB75A196-1435-49A2-AF7E-094E5AF7A71A}.Release|Any CPU.Build.0 = Release|Any CPU
		{979ABC46-9D9B-419B-9A23-ABA7AF2B1D76}.Debug|Any CPU.ActiveCfg = Debug|Any CPU
		{979ABC46-9D9B-419B-9A23-ABA7AF2B1D76}.Debug|Any CPU.Build.0 = Debug|Any CPU
		{979ABC46-9D9B-419B-9A23-ABA7AF2B1D76}.Release|Any CPU.ActiveCfg = Release|Any CPU
		{979ABC46-9D9B-419B-9A23-ABA7AF2B1D76}.Release|Any CPU.Build.0 = Release|Any CPU
		{57F33CBB-9FA6-4447-A2F1-155CD12722E1}.Debug|Any CPU.ActiveCfg = Debug|Any CPU
		{57F33CBB-9FA6-4447-A2F1-155CD12722E1}.Debug|Any CPU.Build.0 = Debug|Any CPU
		{57F33CBB-9FA6-4447-A2F1-155CD12722E1}.Release|Any CPU.ActiveCfg = Release|Any CPU
		{57F33CBB-9FA6-4447-A2F1-155CD12722E1}.Release|Any CPU.Build.0 = Release|Any CPU
		{344871D5-7E70-42EA-9440-99107CB3AE35}.Debug|Any CPU.ActiveCfg = Debug|Any CPU
		{344871D5-7E70-42EA-9440-99107CB3AE35}.Debug|Any CPU.Build.0 = Debug|Any CPU
		{344871D5-7E70-42EA-9440-99107CB3AE35}.Release|Any CPU.ActiveCfg = Release|Any CPU
		{344871D5-7E70-42EA-9440-99107CB3AE35}.Release|Any CPU.Build.0 = Release|Any CPU
		{5600ECB8-EB04-4A3B-88D5-27EEBA28AD02}.Debug|Any CPU.ActiveCfg = Debug|Any CPU
		{5600ECB8-EB04-4A3B-88D5-27EEBA28AD02}.Debug|Any CPU.Build.0 = Debug|Any CPU
		{5600ECB8-EB04-4A3B-88D5-27EEBA28AD02}.Release|Any CPU.ActiveCfg = Release|Any CPU
		{5600ECB8-EB04-4A3B-88D5-27EEBA28AD02}.Release|Any CPU.Build.0 = Release|Any CPU
		{64657059-A0D3-4E75-ABC3-0CEA973B3A42}.Debug|Any CPU.ActiveCfg = Debug|Any CPU
		{64657059-A0D3-4E75-ABC3-0CEA973B3A42}.Debug|Any CPU.Build.0 = Debug|Any CPU
		{64657059-A0D3-4E75-ABC3-0CEA973B3A42}.Release|Any CPU.ActiveCfg = Release|Any CPU
		{64657059-A0D3-4E75-ABC3-0CEA973B3A42}.Release|Any CPU.Build.0 = Release|Any CPU
		{92ED4BFE-EAF1-414A-84E9-055883CD5297}.Debug|Any CPU.ActiveCfg = Debug|Any CPU
		{92ED4BFE-EAF1-414A-84E9-055883CD5297}.Debug|Any CPU.Build.0 = Debug|Any CPU
		{92ED4BFE-EAF1-414A-84E9-055883CD5297}.Release|Any CPU.ActiveCfg = Release|Any CPU
		{92ED4BFE-EAF1-414A-84E9-055883CD5297}.Release|Any CPU.Build.0 = Release|Any CPU
		{85038045-64A7-4556-85EE-4EB010BD1876}.Debug|Any CPU.ActiveCfg = Debug|Any CPU
		{85038045-64A7-4556-85EE-4EB010BD1876}.Debug|Any CPU.Build.0 = Debug|Any CPU
		{85038045-64A7-4556-85EE-4EB010BD1876}.Release|Any CPU.ActiveCfg = Release|Any CPU
		{85038045-64A7-4556-85EE-4EB010BD1876}.Release|Any CPU.Build.0 = Release|Any CPU
		{B96AD59D-61C2-43B4-9E3E-4EDC3DD2FFB3}.Debug|Any CPU.ActiveCfg = Debug|Any CPU
		{B96AD59D-61C2-43B4-9E3E-4EDC3DD2FFB3}.Debug|Any CPU.Build.0 = Debug|Any CPU
		{B96AD59D-61C2-43B4-9E3E-4EDC3DD2FFB3}.Release|Any CPU.ActiveCfg = Release|Any CPU
		{B96AD59D-61C2-43B4-9E3E-4EDC3DD2FFB3}.Release|Any CPU.Build.0 = Release|Any CPU
		{170D7FA2-C325-4EF7-B5E3-9C853E6425BC}.Debug|Any CPU.ActiveCfg = Debug|Any CPU
		{170D7FA2-C325-4EF7-B5E3-9C853E6425BC}.Debug|Any CPU.Build.0 = Debug|Any CPU
		{170D7FA2-C325-4EF7-B5E3-9C853E6425BC}.Release|Any CPU.ActiveCfg = Release|Any CPU
		{170D7FA2-C325-4EF7-B5E3-9C853E6425BC}.Release|Any CPU.Build.0 = Release|Any CPU
		{AF38E110-3343-453C-AD7A-569055E5F710}.Debug|Any CPU.ActiveCfg = Debug|Any CPU
		{AF38E110-3343-453C-AD7A-569055E5F710}.Debug|Any CPU.Build.0 = Debug|Any CPU
		{AF38E110-3343-453C-AD7A-569055E5F710}.Release|Any CPU.ActiveCfg = Release|Any CPU
		{AF38E110-3343-453C-AD7A-569055E5F710}.Release|Any CPU.Build.0 = Release|Any CPU
		{EEEFCA0E-3A5A-4560-A504-8DC6C581AA61}.Debug|Any CPU.ActiveCfg = Debug|Any CPU
		{EEEFCA0E-3A5A-4560-A504-8DC6C581AA61}.Debug|Any CPU.Build.0 = Debug|Any CPU
		{EEEFCA0E-3A5A-4560-A504-8DC6C581AA61}.Release|Any CPU.ActiveCfg = Release|Any CPU
		{EEEFCA0E-3A5A-4560-A504-8DC6C581AA61}.Release|Any CPU.Build.0 = Release|Any CPU
		{5B385F08-C0F9-4165-A243-5E245B14BC59}.Debug|Any CPU.ActiveCfg = Debug|Any CPU
		{5B385F08-C0F9-4165-A243-5E245B14BC59}.Debug|Any CPU.Build.0 = Debug|Any CPU
		{5B385F08-C0F9-4165-A243-5E245B14BC59}.Release|Any CPU.ActiveCfg = Release|Any CPU
		{5B385F08-C0F9-4165-A243-5E245B14BC59}.Release|Any CPU.Build.0 = Release|Any CPU
		{A6BBE48D-D875-4239-ADAE-C7E46563E4A6}.Debug|Any CPU.ActiveCfg = Debug|Any CPU
		{A6BBE48D-D875-4239-ADAE-C7E46563E4A6}.Debug|Any CPU.Build.0 = Debug|Any CPU
		{A6BBE48D-D875-4239-ADAE-C7E46563E4A6}.Release|Any CPU.ActiveCfg = Release|Any CPU
		{A6BBE48D-D875-4239-ADAE-C7E46563E4A6}.Release|Any CPU.Build.0 = Release|Any CPU
		{4D250E09-5B09-4B9E-9742-CA3E4900E1AD}.Debug|Any CPU.ActiveCfg = Debug|Any CPU
		{4D250E09-5B09-4B9E-9742-CA3E4900E1AD}.Debug|Any CPU.Build.0 = Debug|Any CPU
		{4D250E09-5B09-4B9E-9742-CA3E4900E1AD}.Release|Any CPU.ActiveCfg = Release|Any CPU
		{4D250E09-5B09-4B9E-9742-CA3E4900E1AD}.Release|Any CPU.Build.0 = Release|Any CPU
		{643638E1-36E1-4FC6-B132-2E3CF84CA227}.Debug|Any CPU.ActiveCfg = Debug|Any CPU
		{643638E1-36E1-4FC6-B132-2E3CF84CA227}.Debug|Any CPU.Build.0 = Debug|Any CPU
		{643638E1-36E1-4FC6-B132-2E3CF84CA227}.Release|Any CPU.ActiveCfg = Release|Any CPU
		{643638E1-36E1-4FC6-B132-2E3CF84CA227}.Release|Any CPU.Build.0 = Release|Any CPU
		{A5165581-4C67-454F-837C-603BC14B4EE7}.Debug|Any CPU.ActiveCfg = Debug|Any CPU
		{A5165581-4C67-454F-837C-603BC14B4EE7}.Debug|Any CPU.Build.0 = Debug|Any CPU
		{A5165581-4C67-454F-837C-603BC14B4EE7}.Release|Any CPU.ActiveCfg = Release|Any CPU
		{A5165581-4C67-454F-837C-603BC14B4EE7}.Release|Any CPU.Build.0 = Release|Any CPU
		{B4178A8B-7F5B-4A0F-AF75-822AD947978D}.Debug|Any CPU.ActiveCfg = Debug|Any CPU
		{B4178A8B-7F5B-4A0F-AF75-822AD947978D}.Debug|Any CPU.Build.0 = Debug|Any CPU
		{B4178A8B-7F5B-4A0F-AF75-822AD947978D}.Release|Any CPU.ActiveCfg = Release|Any CPU
		{B4178A8B-7F5B-4A0F-AF75-822AD947978D}.Release|Any CPU.Build.0 = Release|Any CPU
		{F5D4B134-ED0E-40C0-B744-1E0A1211C6EE}.Debug|Any CPU.ActiveCfg = Debug|Any CPU
		{F5D4B134-ED0E-40C0-B744-1E0A1211C6EE}.Debug|Any CPU.Build.0 = Debug|Any CPU
		{F5D4B134-ED0E-40C0-B744-1E0A1211C6EE}.Release|Any CPU.ActiveCfg = Release|Any CPU
		{F5D4B134-ED0E-40C0-B744-1E0A1211C6EE}.Release|Any CPU.Build.0 = Release|Any CPU
		{3B3775AE-AC32-4944-AED4-E4F771AB3F0F}.Debug|Any CPU.ActiveCfg = Debug|Any CPU
		{3B3775AE-AC32-4944-AED4-E4F771AB3F0F}.Debug|Any CPU.Build.0 = Debug|Any CPU
		{3B3775AE-AC32-4944-AED4-E4F771AB3F0F}.Release|Any CPU.ActiveCfg = Release|Any CPU
		{3B3775AE-AC32-4944-AED4-E4F771AB3F0F}.Release|Any CPU.Build.0 = Release|Any CPU
		{1EAED551-39B2-4D62-AF06-E1211CCBD31B}.Debug|Any CPU.ActiveCfg = Debug|Any CPU
		{1EAED551-39B2-4D62-AF06-E1211CCBD31B}.Debug|Any CPU.Build.0 = Debug|Any CPU
		{1EAED551-39B2-4D62-AF06-E1211CCBD31B}.Release|Any CPU.ActiveCfg = Release|Any CPU
		{1EAED551-39B2-4D62-AF06-E1211CCBD31B}.Release|Any CPU.Build.0 = Release|Any CPU
		{E94BB4C2-2AAA-4037-B77B-865255452990}.Debug|Any CPU.ActiveCfg = Debug|Any CPU
		{E94BB4C2-2AAA-4037-B77B-865255452990}.Debug|Any CPU.Build.0 = Debug|Any CPU
		{E94BB4C2-2AAA-4037-B77B-865255452990}.Release|Any CPU.ActiveCfg = Release|Any CPU
		{E94BB4C2-2AAA-4037-B77B-865255452990}.Release|Any CPU.Build.0 = Release|Any CPU
		{11D2F1A1-7F1F-4D52-8A71-82ACA59AA09C}.Debug|Any CPU.ActiveCfg = Debug|Any CPU
		{11D2F1A1-7F1F-4D52-8A71-82ACA59AA09C}.Debug|Any CPU.Build.0 = Debug|Any CPU
		{11D2F1A1-7F1F-4D52-8A71-82ACA59AA09C}.Release|Any CPU.ActiveCfg = Release|Any CPU
		{11D2F1A1-7F1F-4D52-8A71-82ACA59AA09C}.Release|Any CPU.Build.0 = Release|Any CPU
		{0ED18CCF-406B-443C-9E75-90E94DCE8AD2}.Debug|Any CPU.ActiveCfg = Debug|Any CPU
		{0ED18CCF-406B-443C-9E75-90E94DCE8AD2}.Debug|Any CPU.Build.0 = Debug|Any CPU
		{0ED18CCF-406B-443C-9E75-90E94DCE8AD2}.Release|Any CPU.ActiveCfg = Release|Any CPU
		{0ED18CCF-406B-443C-9E75-90E94DCE8AD2}.Release|Any CPU.Build.0 = Release|Any CPU
		{D6F6C828-B8AC-4A05-A9D0-DFC30B72EC48}.Debug|Any CPU.ActiveCfg = Debug|Any CPU
		{D6F6C828-B8AC-4A05-A9D0-DFC30B72EC48}.Debug|Any CPU.Build.0 = Debug|Any CPU
		{D6F6C828-B8AC-4A05-A9D0-DFC30B72EC48}.Release|Any CPU.ActiveCfg = Release|Any CPU
		{D6F6C828-B8AC-4A05-A9D0-DFC30B72EC48}.Release|Any CPU.Build.0 = Release|Any CPU
		{ADDF019E-E0CE-4737-8A9A-AEB006C51A2F}.Debug|Any CPU.ActiveCfg = Debug|Any CPU
		{ADDF019E-E0CE-4737-8A9A-AEB006C51A2F}.Debug|Any CPU.Build.0 = Debug|Any CPU
		{ADDF019E-E0CE-4737-8A9A-AEB006C51A2F}.Release|Any CPU.ActiveCfg = Release|Any CPU
		{ADDF019E-E0CE-4737-8A9A-AEB006C51A2F}.Release|Any CPU.Build.0 = Release|Any CPU
		{273BA459-4F76-4D8E-8A51-AC160FE12494}.Debug|Any CPU.ActiveCfg = Debug|Any CPU
		{273BA459-4F76-4D8E-8A51-AC160FE12494}.Debug|Any CPU.Build.0 = Debug|Any CPU
		{273BA459-4F76-4D8E-8A51-AC160FE12494}.Release|Any CPU.ActiveCfg = Release|Any CPU
		{273BA459-4F76-4D8E-8A51-AC160FE12494}.Release|Any CPU.Build.0 = Release|Any CPU
		{64F2923A-486B-4361-8091-F14FC0A53FE1}.Debug|Any CPU.ActiveCfg = Debug|Any CPU
		{64F2923A-486B-4361-8091-F14FC0A53FE1}.Debug|Any CPU.Build.0 = Debug|Any CPU
		{64F2923A-486B-4361-8091-F14FC0A53FE1}.Release|Any CPU.ActiveCfg = Release|Any CPU
		{64F2923A-486B-4361-8091-F14FC0A53FE1}.Release|Any CPU.Build.0 = Release|Any CPU
		{F5F60ABC-982F-47B9-81F9-E459043D6F24}.Debug|Any CPU.ActiveCfg = Debug|Any CPU
		{F5F60ABC-982F-47B9-81F9-E459043D6F24}.Debug|Any CPU.Build.0 = Debug|Any CPU
		{F5F60ABC-982F-47B9-81F9-E459043D6F24}.Release|Any CPU.ActiveCfg = Release|Any CPU
		{F5F60ABC-982F-47B9-81F9-E459043D6F24}.Release|Any CPU.Build.0 = Release|Any CPU
		{8BE22C02-DCA8-4746-94FA-49D74ABCA092}.Debug|Any CPU.ActiveCfg = Debug|Any CPU
		{8BE22C02-DCA8-4746-94FA-49D74ABCA092}.Debug|Any CPU.Build.0 = Debug|Any CPU
		{8BE22C02-DCA8-4746-94FA-49D74ABCA092}.Release|Any CPU.ActiveCfg = Release|Any CPU
		{8BE22C02-DCA8-4746-94FA-49D74ABCA092}.Release|Any CPU.Build.0 = Release|Any CPU
		{1A718993-D6D5-400F-8097-A419C3753E78}.Debug|Any CPU.ActiveCfg = Debug|Any CPU
		{1A718993-D6D5-400F-8097-A419C3753E78}.Debug|Any CPU.Build.0 = Debug|Any CPU
		{1A718993-D6D5-400F-8097-A419C3753E78}.Release|Any CPU.ActiveCfg = Release|Any CPU
		{1A718993-D6D5-400F-8097-A419C3753E78}.Release|Any CPU.Build.0 = Release|Any CPU
		{593BC2AC-05B7-4EF9-A748-2046A66C950E}.Debug|Any CPU.ActiveCfg = Debug|Any CPU
		{593BC2AC-05B7-4EF9-A748-2046A66C950E}.Debug|Any CPU.Build.0 = Debug|Any CPU
		{593BC2AC-05B7-4EF9-A748-2046A66C950E}.Release|Any CPU.ActiveCfg = Release|Any CPU
		{593BC2AC-05B7-4EF9-A748-2046A66C950E}.Release|Any CPU.Build.0 = Release|Any CPU
		{D3DF3566-2927-480C-9D32-06ED73DD9465}.Debug|Any CPU.ActiveCfg = Debug|Any CPU
		{D3DF3566-2927-480C-9D32-06ED73DD9465}.Debug|Any CPU.Build.0 = Debug|Any CPU
		{D3DF3566-2927-480C-9D32-06ED73DD9465}.Release|Any CPU.ActiveCfg = Release|Any CPU
		{D3DF3566-2927-480C-9D32-06ED73DD9465}.Release|Any CPU.Build.0 = Release|Any CPU
		{04CB917F-64C6-4BFE-BF73-354DFFB73A4F}.Debug|Any CPU.ActiveCfg = Debug|Any CPU
		{04CB917F-64C6-4BFE-BF73-354DFFB73A4F}.Debug|Any CPU.Build.0 = Debug|Any CPU
		{04CB917F-64C6-4BFE-BF73-354DFFB73A4F}.Release|Any CPU.ActiveCfg = Release|Any CPU
		{04CB917F-64C6-4BFE-BF73-354DFFB73A4F}.Release|Any CPU.Build.0 = Release|Any CPU
		{1C0985C9-2B66-49CE-BE47-15FF0DF0A08D}.Debug|Any CPU.ActiveCfg = Debug|Any CPU
		{1C0985C9-2B66-49CE-BE47-15FF0DF0A08D}.Debug|Any CPU.Build.0 = Debug|Any CPU
		{1C0985C9-2B66-49CE-BE47-15FF0DF0A08D}.Release|Any CPU.ActiveCfg = Release|Any CPU
		{1C0985C9-2B66-49CE-BE47-15FF0DF0A08D}.Release|Any CPU.Build.0 = Release|Any CPU
		{75B6FAFF-FD62-45F5-8D47-385E37C5616C}.Debug|Any CPU.ActiveCfg = Debug|Any CPU
		{75B6FAFF-FD62-45F5-8D47-385E37C5616C}.Debug|Any CPU.Build.0 = Debug|Any CPU
		{75B6FAFF-FD62-45F5-8D47-385E37C5616C}.Release|Any CPU.ActiveCfg = Release|Any CPU
		{75B6FAFF-FD62-45F5-8D47-385E37C5616C}.Release|Any CPU.Build.0 = Release|Any CPU
		{1CD6774C-CF7B-4C0A-B364-BBF6E9324311}.Debug|Any CPU.ActiveCfg = Debug|Any CPU
		{1CD6774C-CF7B-4C0A-B364-BBF6E9324311}.Debug|Any CPU.Build.0 = Debug|Any CPU
		{1CD6774C-CF7B-4C0A-B364-BBF6E9324311}.Release|Any CPU.ActiveCfg = Release|Any CPU
		{1CD6774C-CF7B-4C0A-B364-BBF6E9324311}.Release|Any CPU.Build.0 = Release|Any CPU
		{A56FB018-A845-4B3E-B950-4629919837BC}.Debug|Any CPU.ActiveCfg = Debug|Any CPU
		{A56FB018-A845-4B3E-B950-4629919837BC}.Debug|Any CPU.Build.0 = Debug|Any CPU
		{A56FB018-A845-4B3E-B950-4629919837BC}.Release|Any CPU.ActiveCfg = Release|Any CPU
		{A56FB018-A845-4B3E-B950-4629919837BC}.Release|Any CPU.Build.0 = Release|Any CPU
		{D2897659-5AA7-4F2E-B7C6-114621C06E47}.Debug|Any CPU.ActiveCfg = Debug|Any CPU
		{D2897659-5AA7-4F2E-B7C6-114621C06E47}.Debug|Any CPU.Build.0 = Debug|Any CPU
		{D2897659-5AA7-4F2E-B7C6-114621C06E47}.Release|Any CPU.ActiveCfg = Release|Any CPU
		{D2897659-5AA7-4F2E-B7C6-114621C06E47}.Release|Any CPU.Build.0 = Release|Any CPU
		{C32383C0-FA2C-45F7-8543-0001F079DDA0}.Debug|Any CPU.ActiveCfg = Debug|Any CPU
		{C32383C0-FA2C-45F7-8543-0001F079DDA0}.Debug|Any CPU.Build.0 = Debug|Any CPU
		{C32383C0-FA2C-45F7-8543-0001F079DDA0}.Release|Any CPU.ActiveCfg = Release|Any CPU
		{C32383C0-FA2C-45F7-8543-0001F079DDA0}.Release|Any CPU.Build.0 = Release|Any CPU
		{5A7E587B-F3F6-4BB9-8B3E-419AC1D19E92}.Debug|Any CPU.ActiveCfg = Debug|Any CPU
		{5A7E587B-F3F6-4BB9-8B3E-419AC1D19E92}.Debug|Any CPU.Build.0 = Debug|Any CPU
		{5A7E587B-F3F6-4BB9-8B3E-419AC1D19E92}.Release|Any CPU.ActiveCfg = Release|Any CPU
		{5A7E587B-F3F6-4BB9-8B3E-419AC1D19E92}.Release|Any CPU.Build.0 = Release|Any CPU
		{92988534-1DA4-4825-925C-8BDB6C6EC382}.Debug|Any CPU.ActiveCfg = Debug|Any CPU
		{92988534-1DA4-4825-925C-8BDB6C6EC382}.Debug|Any CPU.Build.0 = Debug|Any CPU
		{92988534-1DA4-4825-925C-8BDB6C6EC382}.Release|Any CPU.ActiveCfg = Release|Any CPU
		{92988534-1DA4-4825-925C-8BDB6C6EC382}.Release|Any CPU.Build.0 = Release|Any CPU
		{303353F1-F6FA-4415-837E-122B73DDAA3D}.Debug|Any CPU.ActiveCfg = Debug|Any CPU
		{303353F1-F6FA-4415-837E-122B73DDAA3D}.Debug|Any CPU.Build.0 = Debug|Any CPU
		{303353F1-F6FA-4415-837E-122B73DDAA3D}.Release|Any CPU.ActiveCfg = Release|Any CPU
		{303353F1-F6FA-4415-837E-122B73DDAA3D}.Release|Any CPU.Build.0 = Release|Any CPU
		{7771D722-02C0-48BB-A85D-66132806955F}.Debug|Any CPU.ActiveCfg = Debug|Any CPU
		{7771D722-02C0-48BB-A85D-66132806955F}.Debug|Any CPU.Build.0 = Debug|Any CPU
		{7771D722-02C0-48BB-A85D-66132806955F}.Release|Any CPU.ActiveCfg = Release|Any CPU
		{7771D722-02C0-48BB-A85D-66132806955F}.Release|Any CPU.Build.0 = Release|Any CPU
		{7C6E5A82-3AAC-402C-A3C5-8C02ADCA3163}.Debug|Any CPU.ActiveCfg = Debug|Any CPU
		{7C6E5A82-3AAC-402C-A3C5-8C02ADCA3163}.Debug|Any CPU.Build.0 = Debug|Any CPU
		{7C6E5A82-3AAC-402C-A3C5-8C02ADCA3163}.Release|Any CPU.ActiveCfg = Release|Any CPU
		{7C6E5A82-3AAC-402C-A3C5-8C02ADCA3163}.Release|Any CPU.Build.0 = Release|Any CPU
		{6058FEB7-9B5D-49CD-84C5-FB17755151CF}.Debug|Any CPU.ActiveCfg = Debug|Any CPU
		{6058FEB7-9B5D-49CD-84C5-FB17755151CF}.Debug|Any CPU.Build.0 = Debug|Any CPU
		{6058FEB7-9B5D-49CD-84C5-FB17755151CF}.Release|Any CPU.ActiveCfg = Release|Any CPU
		{6058FEB7-9B5D-49CD-84C5-FB17755151CF}.Release|Any CPU.Build.0 = Release|Any CPU
		{27E9F823-95CB-4E43-BFA1-2BE791DC9BE8}.Debug|Any CPU.ActiveCfg = Debug|Any CPU
		{27E9F823-95CB-4E43-BFA1-2BE791DC9BE8}.Debug|Any CPU.Build.0 = Debug|Any CPU
		{27E9F823-95CB-4E43-BFA1-2BE791DC9BE8}.Release|Any CPU.ActiveCfg = Release|Any CPU
		{27E9F823-95CB-4E43-BFA1-2BE791DC9BE8}.Release|Any CPU.Build.0 = Release|Any CPU
		{F3CB2912-BD06-4DB4-82B7-5B6823F15AD8}.Debug|Any CPU.ActiveCfg = Debug|Any CPU
		{F3CB2912-BD06-4DB4-82B7-5B6823F15AD8}.Debug|Any CPU.Build.0 = Debug|Any CPU
		{F3CB2912-BD06-4DB4-82B7-5B6823F15AD8}.Release|Any CPU.ActiveCfg = Release|Any CPU
		{F3CB2912-BD06-4DB4-82B7-5B6823F15AD8}.Release|Any CPU.Build.0 = Release|Any CPU
		{18BF7C3D-78C1-48B6-BA8C-5289D03B962C}.Debug|Any CPU.ActiveCfg = Debug|Any CPU
		{18BF7C3D-78C1-48B6-BA8C-5289D03B962C}.Debug|Any CPU.Build.0 = Debug|Any CPU
		{18BF7C3D-78C1-48B6-BA8C-5289D03B962C}.Release|Any CPU.ActiveCfg = Release|Any CPU
		{18BF7C3D-78C1-48B6-BA8C-5289D03B962C}.Release|Any CPU.Build.0 = Release|Any CPU
		{5F31059C-9255-4EFD-8CFA-F87FD1455888}.Debug|Any CPU.ActiveCfg = Debug|Any CPU
		{5F31059C-9255-4EFD-8CFA-F87FD1455888}.Debug|Any CPU.Build.0 = Debug|Any CPU
		{5F31059C-9255-4EFD-8CFA-F87FD1455888}.Release|Any CPU.ActiveCfg = Release|Any CPU
		{5F31059C-9255-4EFD-8CFA-F87FD1455888}.Release|Any CPU.Build.0 = Release|Any CPU
		{20AAE369-917F-4354-BDF9-E65B577AD5FE}.Debug|Any CPU.ActiveCfg = Debug|Any CPU
		{20AAE369-917F-4354-BDF9-E65B577AD5FE}.Debug|Any CPU.Build.0 = Debug|Any CPU
		{20AAE369-917F-4354-BDF9-E65B577AD5FE}.Release|Any CPU.ActiveCfg = Release|Any CPU
		{20AAE369-917F-4354-BDF9-E65B577AD5FE}.Release|Any CPU.Build.0 = Release|Any CPU
		{6227D466-8172-49F5-BDE2-AF8D9B649496}.Debug|Any CPU.ActiveCfg = Debug|Any CPU
		{6227D466-8172-49F5-BDE2-AF8D9B649496}.Debug|Any CPU.Build.0 = Debug|Any CPU
		{6227D466-8172-49F5-BDE2-AF8D9B649496}.Release|Any CPU.ActiveCfg = Release|Any CPU
		{6227D466-8172-49F5-BDE2-AF8D9B649496}.Release|Any CPU.Build.0 = Release|Any CPU
		{959B792E-32AD-4F6E-9AE1-ED93EBC88674}.Debug|Any CPU.ActiveCfg = Debug|Any CPU
		{959B792E-32AD-4F6E-9AE1-ED93EBC88674}.Debug|Any CPU.Build.0 = Debug|Any CPU
		{959B792E-32AD-4F6E-9AE1-ED93EBC88674}.Release|Any CPU.ActiveCfg = Release|Any CPU
		{959B792E-32AD-4F6E-9AE1-ED93EBC88674}.Release|Any CPU.Build.0 = Release|Any CPU
		{15D5970B-BE76-4085-BB4E-36E89FABB773}.Debug|Any CPU.ActiveCfg = Debug|Any CPU
		{15D5970B-BE76-4085-BB4E-36E89FABB773}.Debug|Any CPU.Build.0 = Debug|Any CPU
		{15D5970B-BE76-4085-BB4E-36E89FABB773}.Release|Any CPU.ActiveCfg = Release|Any CPU
		{15D5970B-BE76-4085-BB4E-36E89FABB773}.Release|Any CPU.Build.0 = Release|Any CPU
		{2C25B5E0-4A77-4A8B-B908-52566D80475D}.Debug|Any CPU.ActiveCfg = Debug|Any CPU
		{2C25B5E0-4A77-4A8B-B908-52566D80475D}.Debug|Any CPU.Build.0 = Debug|Any CPU
		{2C25B5E0-4A77-4A8B-B908-52566D80475D}.Release|Any CPU.ActiveCfg = Release|Any CPU
		{2C25B5E0-4A77-4A8B-B908-52566D80475D}.Release|Any CPU.Build.0 = Release|Any CPU
		{B4C5125A-E254-49EC-B19A-A9852A695A65}.Debug|Any CPU.ActiveCfg = Debug|Any CPU
		{B4C5125A-E254-49EC-B19A-A9852A695A65}.Debug|Any CPU.Build.0 = Debug|Any CPU
		{B4C5125A-E254-49EC-B19A-A9852A695A65}.Release|Any CPU.ActiveCfg = Release|Any CPU
		{B4C5125A-E254-49EC-B19A-A9852A695A65}.Release|Any CPU.Build.0 = Release|Any CPU
		{4ADEE4E5-8BCC-4B43-AFAD-5FE32F3E2979}.Debug|Any CPU.ActiveCfg = Debug|Any CPU
		{4ADEE4E5-8BCC-4B43-AFAD-5FE32F3E2979}.Debug|Any CPU.Build.0 = Debug|Any CPU
		{4ADEE4E5-8BCC-4B43-AFAD-5FE32F3E2979}.Release|Any CPU.ActiveCfg = Release|Any CPU
		{4ADEE4E5-8BCC-4B43-AFAD-5FE32F3E2979}.Release|Any CPU.Build.0 = Release|Any CPU
		{6BEF04E2-A8C3-4232-94BB-39CDD11D54E3}.Debug|Any CPU.ActiveCfg = Debug|Any CPU
		{6BEF04E2-A8C3-4232-94BB-39CDD11D54E3}.Debug|Any CPU.Build.0 = Debug|Any CPU
		{6BEF04E2-A8C3-4232-94BB-39CDD11D54E3}.Release|Any CPU.ActiveCfg = Release|Any CPU
		{6BEF04E2-A8C3-4232-94BB-39CDD11D54E3}.Release|Any CPU.Build.0 = Release|Any CPU
		{5984FFF7-6D00-4066-8725-F9E313A7DF4E}.Debug|Any CPU.ActiveCfg = Debug|Any CPU
		{5984FFF7-6D00-4066-8725-F9E313A7DF4E}.Debug|Any CPU.Build.0 = Debug|Any CPU
		{5984FFF7-6D00-4066-8725-F9E313A7DF4E}.Release|Any CPU.ActiveCfg = Release|Any CPU
		{5984FFF7-6D00-4066-8725-F9E313A7DF4E}.Release|Any CPU.Build.0 = Release|Any CPU
		{B128C34D-43C6-42F1-989E-3BD4C1D5D1CB}.Debug|Any CPU.ActiveCfg = Debug|Any CPU
		{B128C34D-43C6-42F1-989E-3BD4C1D5D1CB}.Debug|Any CPU.Build.0 = Debug|Any CPU
		{B128C34D-43C6-42F1-989E-3BD4C1D5D1CB}.Release|Any CPU.ActiveCfg = Release|Any CPU
		{B128C34D-43C6-42F1-989E-3BD4C1D5D1CB}.Release|Any CPU.Build.0 = Release|Any CPU
		{642FC5B8-6801-4942-9C88-C547FDE9286A}.Debug|Any CPU.ActiveCfg = Debug|Any CPU
		{642FC5B8-6801-4942-9C88-C547FDE9286A}.Debug|Any CPU.Build.0 = Debug|Any CPU
		{642FC5B8-6801-4942-9C88-C547FDE9286A}.Release|Any CPU.ActiveCfg = Release|Any CPU
		{642FC5B8-6801-4942-9C88-C547FDE9286A}.Release|Any CPU.Build.0 = Release|Any CPU
		{7E6A9217-7CF5-4E42-AE70-388C3C03E922}.Debug|Any CPU.ActiveCfg = Debug|Any CPU
		{7E6A9217-7CF5-4E42-AE70-388C3C03E922}.Debug|Any CPU.Build.0 = Debug|Any CPU
		{7E6A9217-7CF5-4E42-AE70-388C3C03E922}.Release|Any CPU.ActiveCfg = Release|Any CPU
		{7E6A9217-7CF5-4E42-AE70-388C3C03E922}.Release|Any CPU.Build.0 = Release|Any CPU
		{F7A853B2-7E06-4823-B4F9-C7032A7AE381}.Debug|Any CPU.ActiveCfg = Debug|Any CPU
		{F7A853B2-7E06-4823-B4F9-C7032A7AE381}.Debug|Any CPU.Build.0 = Debug|Any CPU
		{F7A853B2-7E06-4823-B4F9-C7032A7AE381}.Release|Any CPU.ActiveCfg = Release|Any CPU
		{F7A853B2-7E06-4823-B4F9-C7032A7AE381}.Release|Any CPU.Build.0 = Release|Any CPU
		{0169A9C4-2CA6-42CA-86DC-DCBF3C2E0E30}.Debug|Any CPU.ActiveCfg = Debug|Any CPU
		{0169A9C4-2CA6-42CA-86DC-DCBF3C2E0E30}.Debug|Any CPU.Build.0 = Debug|Any CPU
		{0169A9C4-2CA6-42CA-86DC-DCBF3C2E0E30}.Release|Any CPU.ActiveCfg = Release|Any CPU
		{0169A9C4-2CA6-42CA-86DC-DCBF3C2E0E30}.Release|Any CPU.Build.0 = Release|Any CPU
		{7DA3B9F5-A346-4303-B91F-8FDE92FF5798}.Debug|Any CPU.ActiveCfg = Debug|Any CPU
		{7DA3B9F5-A346-4303-B91F-8FDE92FF5798}.Debug|Any CPU.Build.0 = Debug|Any CPU
		{7DA3B9F5-A346-4303-B91F-8FDE92FF5798}.Release|Any CPU.ActiveCfg = Release|Any CPU
		{7DA3B9F5-A346-4303-B91F-8FDE92FF5798}.Release|Any CPU.Build.0 = Release|Any CPU
		{FCF048B7-D74A-4E3A-8F0F-685DF768BD01}.Debug|Any CPU.ActiveCfg = Debug|Any CPU
		{FCF048B7-D74A-4E3A-8F0F-685DF768BD01}.Debug|Any CPU.Build.0 = Debug|Any CPU
		{FCF048B7-D74A-4E3A-8F0F-685DF768BD01}.Release|Any CPU.ActiveCfg = Release|Any CPU
		{FCF048B7-D74A-4E3A-8F0F-685DF768BD01}.Release|Any CPU.Build.0 = Release|Any CPU
		{F74F7CE4-EDF0-49FF-B46E-4F112AC9F389}.Debug|Any CPU.ActiveCfg = Debug|Any CPU
		{F74F7CE4-EDF0-49FF-B46E-4F112AC9F389}.Debug|Any CPU.Build.0 = Debug|Any CPU
		{F74F7CE4-EDF0-49FF-B46E-4F112AC9F389}.Release|Any CPU.ActiveCfg = Release|Any CPU
		{F74F7CE4-EDF0-49FF-B46E-4F112AC9F389}.Release|Any CPU.Build.0 = Release|Any CPU
		{7A5BA382-210F-4EA9-B5E9-C4C54A55486C}.Debug|Any CPU.ActiveCfg = Debug|Any CPU
		{7A5BA382-210F-4EA9-B5E9-C4C54A55486C}.Debug|Any CPU.Build.0 = Debug|Any CPU
		{7A5BA382-210F-4EA9-B5E9-C4C54A55486C}.Release|Any CPU.ActiveCfg = Release|Any CPU
		{7A5BA382-210F-4EA9-B5E9-C4C54A55486C}.Release|Any CPU.Build.0 = Release|Any CPU
		{768F72D8-00D6-4E61-A243-34F70860D1A6}.Debug|Any CPU.ActiveCfg = Debug|Any CPU
		{768F72D8-00D6-4E61-A243-34F70860D1A6}.Debug|Any CPU.Build.0 = Debug|Any CPU
		{768F72D8-00D6-4E61-A243-34F70860D1A6}.Release|Any CPU.ActiveCfg = Release|Any CPU
		{768F72D8-00D6-4E61-A243-34F70860D1A6}.Release|Any CPU.Build.0 = Release|Any CPU
		{F58883F4-EE15-4622-A6F7-4D26B66C3EAE}.Debug|Any CPU.ActiveCfg = Debug|Any CPU
		{F58883F4-EE15-4622-A6F7-4D26B66C3EAE}.Debug|Any CPU.Build.0 = Debug|Any CPU
		{F58883F4-EE15-4622-A6F7-4D26B66C3EAE}.Release|Any CPU.ActiveCfg = Release|Any CPU
		{F58883F4-EE15-4622-A6F7-4D26B66C3EAE}.Release|Any CPU.Build.0 = Release|Any CPU
		{4EBE7099-E5E2-424F-8670-6EC8F96F54A6}.Debug|Any CPU.ActiveCfg = Debug|Any CPU
		{4EBE7099-E5E2-424F-8670-6EC8F96F54A6}.Debug|Any CPU.Build.0 = Debug|Any CPU
		{4EBE7099-E5E2-424F-8670-6EC8F96F54A6}.Release|Any CPU.ActiveCfg = Release|Any CPU
		{4EBE7099-E5E2-424F-8670-6EC8F96F54A6}.Release|Any CPU.Build.0 = Release|Any CPU
		{CFADC4C1-F474-4C59-B7F9-A07839E6E6E0}.Debug|Any CPU.ActiveCfg = Debug|Any CPU
		{CFADC4C1-F474-4C59-B7F9-A07839E6E6E0}.Debug|Any CPU.Build.0 = Debug|Any CPU
		{CFADC4C1-F474-4C59-B7F9-A07839E6E6E0}.Release|Any CPU.ActiveCfg = Release|Any CPU
		{CFADC4C1-F474-4C59-B7F9-A07839E6E6E0}.Release|Any CPU.Build.0 = Release|Any CPU
		{EA2F10F4-4C1D-46DD-9A57-65B63DDA1250}.Debug|Any CPU.ActiveCfg = Debug|Any CPU
		{EA2F10F4-4C1D-46DD-9A57-65B63DDA1250}.Debug|Any CPU.Build.0 = Debug|Any CPU
		{EA2F10F4-4C1D-46DD-9A57-65B63DDA1250}.Release|Any CPU.ActiveCfg = Release|Any CPU
		{EA2F10F4-4C1D-46DD-9A57-65B63DDA1250}.Release|Any CPU.Build.0 = Release|Any CPU
		{0B8BD026-691B-4E6C-A873-871E3CABCA0A}.Debug|Any CPU.ActiveCfg = Debug|Any CPU
		{0B8BD026-691B-4E6C-A873-871E3CABCA0A}.Debug|Any CPU.Build.0 = Debug|Any CPU
		{0B8BD026-691B-4E6C-A873-871E3CABCA0A}.Release|Any CPU.ActiveCfg = Release|Any CPU
		{0B8BD026-691B-4E6C-A873-871E3CABCA0A}.Release|Any CPU.Build.0 = Release|Any CPU
		{E84B2F33-CBBC-4B00-8040-E9885D12DDA3}.Debug|Any CPU.ActiveCfg = Debug|Any CPU
		{E84B2F33-CBBC-4B00-8040-E9885D12DDA3}.Debug|Any CPU.Build.0 = Debug|Any CPU
		{E84B2F33-CBBC-4B00-8040-E9885D12DDA3}.Release|Any CPU.ActiveCfg = Release|Any CPU
		{E84B2F33-CBBC-4B00-8040-E9885D12DDA3}.Release|Any CPU.Build.0 = Release|Any CPU
		{F7045981-A6D6-4CE8-A14D-5807F0610B19}.Debug|Any CPU.ActiveCfg = Debug|Any CPU
		{F7045981-A6D6-4CE8-A14D-5807F0610B19}.Debug|Any CPU.Build.0 = Debug|Any CPU
		{F7045981-A6D6-4CE8-A14D-5807F0610B19}.Release|Any CPU.ActiveCfg = Release|Any CPU
		{F7045981-A6D6-4CE8-A14D-5807F0610B19}.Release|Any CPU.Build.0 = Release|Any CPU
		{15D880FB-EC3F-4B6C-9F3C-C22160757C2D}.Debug|Any CPU.ActiveCfg = Debug|Any CPU
		{15D880FB-EC3F-4B6C-9F3C-C22160757C2D}.Debug|Any CPU.Build.0 = Debug|Any CPU
		{15D880FB-EC3F-4B6C-9F3C-C22160757C2D}.Release|Any CPU.ActiveCfg = Release|Any CPU
		{15D880FB-EC3F-4B6C-9F3C-C22160757C2D}.Release|Any CPU.Build.0 = Release|Any CPU
		{F513FD3F-4701-421B-8A07-D3B2EBC0D6DE}.Debug|Any CPU.ActiveCfg = Debug|Any CPU
		{F513FD3F-4701-421B-8A07-D3B2EBC0D6DE}.Debug|Any CPU.Build.0 = Debug|Any CPU
		{F513FD3F-4701-421B-8A07-D3B2EBC0D6DE}.Release|Any CPU.ActiveCfg = Release|Any CPU
		{F513FD3F-4701-421B-8A07-D3B2EBC0D6DE}.Release|Any CPU.Build.0 = Release|Any CPU
		{87427E59-B6BE-4177-8CFF-7B92DD5059A5}.Debug|Any CPU.ActiveCfg = Debug|Any CPU
		{87427E59-B6BE-4177-8CFF-7B92DD5059A5}.Debug|Any CPU.Build.0 = Debug|Any CPU
		{87427E59-B6BE-4177-8CFF-7B92DD5059A5}.Release|Any CPU.ActiveCfg = Release|Any CPU
		{87427E59-B6BE-4177-8CFF-7B92DD5059A5}.Release|Any CPU.Build.0 = Release|Any CPU
		{E8F66659-6E08-4131-96BE-25C59666DB3D}.Debug|Any CPU.ActiveCfg = Debug|Any CPU
		{E8F66659-6E08-4131-96BE-25C59666DB3D}.Debug|Any CPU.Build.0 = Debug|Any CPU
		{E8F66659-6E08-4131-96BE-25C59666DB3D}.Release|Any CPU.ActiveCfg = Release|Any CPU
		{E8F66659-6E08-4131-96BE-25C59666DB3D}.Release|Any CPU.Build.0 = Release|Any CPU
		{7758737D-4FB0-403E-AA3A-B4A72D1E96FE}.Debug|Any CPU.ActiveCfg = Debug|Any CPU
		{7758737D-4FB0-403E-AA3A-B4A72D1E96FE}.Debug|Any CPU.Build.0 = Debug|Any CPU
		{7758737D-4FB0-403E-AA3A-B4A72D1E96FE}.Release|Any CPU.ActiveCfg = Release|Any CPU
		{7758737D-4FB0-403E-AA3A-B4A72D1E96FE}.Release|Any CPU.Build.0 = Release|Any CPU
		{9BD47404-4872-4DA2-BEC0-1B50767F7596}.Debug|Any CPU.ActiveCfg = Debug|Any CPU
		{9BD47404-4872-4DA2-BEC0-1B50767F7596}.Debug|Any CPU.Build.0 = Debug|Any CPU
		{9BD47404-4872-4DA2-BEC0-1B50767F7596}.Release|Any CPU.ActiveCfg = Release|Any CPU
		{9BD47404-4872-4DA2-BEC0-1B50767F7596}.Release|Any CPU.Build.0 = Release|Any CPU
		{5F0835E9-7AD2-435D-8E48-8C6773536992}.Debug|Any CPU.ActiveCfg = Debug|Any CPU
		{5F0835E9-7AD2-435D-8E48-8C6773536992}.Debug|Any CPU.Build.0 = Debug|Any CPU
		{5F0835E9-7AD2-435D-8E48-8C6773536992}.Release|Any CPU.ActiveCfg = Release|Any CPU
		{5F0835E9-7AD2-435D-8E48-8C6773536992}.Release|Any CPU.Build.0 = Release|Any CPU
		{4F68C724-D009-4CB4-8248-986009809A90}.Debug|Any CPU.ActiveCfg = Debug|Any CPU
		{4F68C724-D009-4CB4-8248-986009809A90}.Debug|Any CPU.Build.0 = Debug|Any CPU
		{4F68C724-D009-4CB4-8248-986009809A90}.Release|Any CPU.ActiveCfg = Release|Any CPU
		{4F68C724-D009-4CB4-8248-986009809A90}.Release|Any CPU.Build.0 = Release|Any CPU
		{14DD5282-DABF-42B8-A907-05253A3873A6}.Debug|Any CPU.ActiveCfg = Debug|Any CPU
		{14DD5282-DABF-42B8-A907-05253A3873A6}.Debug|Any CPU.Build.0 = Debug|Any CPU
		{14DD5282-DABF-42B8-A907-05253A3873A6}.Release|Any CPU.ActiveCfg = Release|Any CPU
		{14DD5282-DABF-42B8-A907-05253A3873A6}.Release|Any CPU.Build.0 = Release|Any CPU
		{D1B42CA7-FBFC-4AEE-B66E-55987D928D4C}.Debug|Any CPU.ActiveCfg = Debug|Any CPU
		{D1B42CA7-FBFC-4AEE-B66E-55987D928D4C}.Debug|Any CPU.Build.0 = Debug|Any CPU
		{D1B42CA7-FBFC-4AEE-B66E-55987D928D4C}.Release|Any CPU.ActiveCfg = Release|Any CPU
		{D1B42CA7-FBFC-4AEE-B66E-55987D928D4C}.Release|Any CPU.Build.0 = Release|Any CPU
		{2BF2099E-D9F0-405D-B803-53ABCBE493E0}.Debug|Any CPU.ActiveCfg = Debug|Any CPU
		{2BF2099E-D9F0-405D-B803-53ABCBE493E0}.Debug|Any CPU.Build.0 = Debug|Any CPU
		{2BF2099E-D9F0-405D-B803-53ABCBE493E0}.Release|Any CPU.ActiveCfg = Release|Any CPU
		{2BF2099E-D9F0-405D-B803-53ABCBE493E0}.Release|Any CPU.Build.0 = Release|Any CPU
		{AE58563E-AA07-4596-82A4-AD7861E8E9B9}.Debug|Any CPU.ActiveCfg = Debug|Any CPU
		{AE58563E-AA07-4596-82A4-AD7861E8E9B9}.Debug|Any CPU.Build.0 = Debug|Any CPU
		{AE58563E-AA07-4596-82A4-AD7861E8E9B9}.Release|Any CPU.ActiveCfg = Release|Any CPU
		{AE58563E-AA07-4596-82A4-AD7861E8E9B9}.Release|Any CPU.Build.0 = Release|Any CPU
		{87BC8391-A15B-4EF8-91C1-FF6133CF4301}.Debug|Any CPU.ActiveCfg = Debug|Any CPU
		{87BC8391-A15B-4EF8-91C1-FF6133CF4301}.Debug|Any CPU.Build.0 = Debug|Any CPU
		{87BC8391-A15B-4EF8-91C1-FF6133CF4301}.Release|Any CPU.ActiveCfg = Release|Any CPU
		{87BC8391-A15B-4EF8-91C1-FF6133CF4301}.Release|Any CPU.Build.0 = Release|Any CPU
		{A155079B-1500-452B-A959-3B23A17C09A1}.Debug|Any CPU.ActiveCfg = Debug|Any CPU
		{A155079B-1500-452B-A959-3B23A17C09A1}.Debug|Any CPU.Build.0 = Debug|Any CPU
		{A155079B-1500-452B-A959-3B23A17C09A1}.Release|Any CPU.ActiveCfg = Release|Any CPU
		{A155079B-1500-452B-A959-3B23A17C09A1}.Release|Any CPU.Build.0 = Release|Any CPU
		{3AEF0FA9-A81A-4B69-B754-651F962AF8AF}.Debug|Any CPU.ActiveCfg = Debug|Any CPU
		{3AEF0FA9-A81A-4B69-B754-651F962AF8AF}.Debug|Any CPU.Build.0 = Debug|Any CPU
		{3AEF0FA9-A81A-4B69-B754-651F962AF8AF}.Release|Any CPU.ActiveCfg = Release|Any CPU
		{3AEF0FA9-A81A-4B69-B754-651F962AF8AF}.Release|Any CPU.Build.0 = Release|Any CPU
		{0E7B4787-76D4-4730-8EBE-329A98B6A870}.Debug|Any CPU.ActiveCfg = Debug|Any CPU
		{0E7B4787-76D4-4730-8EBE-329A98B6A870}.Debug|Any CPU.Build.0 = Debug|Any CPU
		{0E7B4787-76D4-4730-8EBE-329A98B6A870}.Release|Any CPU.ActiveCfg = Release|Any CPU
		{0E7B4787-76D4-4730-8EBE-329A98B6A870}.Release|Any CPU.Build.0 = Release|Any CPU
		{1F364374-42BC-4260-8EAD-17B1E23AFBAF}.Debug|Any CPU.ActiveCfg = Debug|Any CPU
		{1F364374-42BC-4260-8EAD-17B1E23AFBAF}.Debug|Any CPU.Build.0 = Debug|Any CPU
		{1F364374-42BC-4260-8EAD-17B1E23AFBAF}.Release|Any CPU.ActiveCfg = Release|Any CPU
		{1F364374-42BC-4260-8EAD-17B1E23AFBAF}.Release|Any CPU.Build.0 = Release|Any CPU
		{70C0094E-3669-4B4A-AB6E-0CDEC666AF97}.Debug|Any CPU.ActiveCfg = Debug|Any CPU
		{70C0094E-3669-4B4A-AB6E-0CDEC666AF97}.Debug|Any CPU.Build.0 = Debug|Any CPU
		{70C0094E-3669-4B4A-AB6E-0CDEC666AF97}.Release|Any CPU.ActiveCfg = Release|Any CPU
		{70C0094E-3669-4B4A-AB6E-0CDEC666AF97}.Release|Any CPU.Build.0 = Release|Any CPU
	EndGlobalSection
	GlobalSection(SolutionProperties) = preSolution
		HideSolutionNode = FALSE
	EndGlobalSection
	GlobalSection(NestedProjects) = preSolution
		{E37B7CC1-DFBD-4D60-855F-7E78F971E85F} = {75E2D83D-DBA5-4DBE-971C-0CD9963FF36D}
		{5F3DD63A-3FA4-4795-A2C6-6D8BEAF2297C} = {75E2D83D-DBA5-4DBE-971C-0CD9963FF36D}
		{FDC26C49-8361-4EAA-A5FE-C3C34A66E712} = {75E2D83D-DBA5-4DBE-971C-0CD9963FF36D}
		{23D4EFBB-5623-4E62-847B-FBE4E3FB6FD7} = {75E2D83D-DBA5-4DBE-971C-0CD9963FF36D}
		{EE770185-41E1-488E-85CC-A6F88D874DEF} = {75E2D83D-DBA5-4DBE-971C-0CD9963FF36D}
		{7112611C-3290-4198-9128-70DF8318D5F8} = {75E2D83D-DBA5-4DBE-971C-0CD9963FF36D}
		{E9B2D6C9-E16D-41DC-9053-4AD993007C44} = {75E2D83D-DBA5-4DBE-971C-0CD9963FF36D}
		{4FC17686-FC45-4386-B287-26C0200F94F8} = {75E2D83D-DBA5-4DBE-971C-0CD9963FF36D}
		{495DC2D8-AB1B-4206-AA76-3FA448694D22} = {75E2D83D-DBA5-4DBE-971C-0CD9963FF36D}
		{0A2BCE91-981F-4F99-BDB2-B413AD5158F1} = {75E2D83D-DBA5-4DBE-971C-0CD9963FF36D}
		{0F0FC22E-28CC-49EA-86AF-7B4BD34127CA} = {75E2D83D-DBA5-4DBE-971C-0CD9963FF36D}
		{C92F80D6-0DE6-4ED9-947B-93E1DFEA2551} = {75E2D83D-DBA5-4DBE-971C-0CD9963FF36D}
		{29F79AE2-0229-47A0-A4E1-12ACC7FCF22E} = {75E2D83D-DBA5-4DBE-971C-0CD9963FF36D}
		{4C459030-E5D7-46A9-8036-14A9CA5A477C} = {E40DD4F2-609A-4814-8BBA-15520F8EF1B6}
		{0A1B42C6-A514-4AD2-92E0-56DA8720FAE5} = {E40DD4F2-609A-4814-8BBA-15520F8EF1B6}
		{0D4C716A-FAC2-4152-81BC-C790C4DCFE3E} = {E40DD4F2-609A-4814-8BBA-15520F8EF1B6}
		{22ECFF71-D31B-423A-8D78-A7B568043BCF} = {E40DD4F2-609A-4814-8BBA-15520F8EF1B6}
		{D1FB50BE-55D5-4CBA-B755-94B85667F9E3} = {E40DD4F2-609A-4814-8BBA-15520F8EF1B6}
		{EB75A196-1435-49A2-AF7E-094E5AF7A71A} = {E40DD4F2-609A-4814-8BBA-15520F8EF1B6}
		{979ABC46-9D9B-419B-9A23-ABA7AF2B1D76} = {E40DD4F2-609A-4814-8BBA-15520F8EF1B6}
		{57F33CBB-9FA6-4447-A2F1-155CD12722E1} = {E40DD4F2-609A-4814-8BBA-15520F8EF1B6}
		{344871D5-7E70-42EA-9440-99107CB3AE35} = {E40DD4F2-609A-4814-8BBA-15520F8EF1B6}
		{5600ECB8-EB04-4A3B-88D5-27EEBA28AD02} = {E40DD4F2-609A-4814-8BBA-15520F8EF1B6}
		{64657059-A0D3-4E75-ABC3-0CEA973B3A42} = {E40DD4F2-609A-4814-8BBA-15520F8EF1B6}
		{92ED4BFE-EAF1-414A-84E9-055883CD5297} = {E40DD4F2-609A-4814-8BBA-15520F8EF1B6}
		{85038045-64A7-4556-85EE-4EB010BD1876} = {E40DD4F2-609A-4814-8BBA-15520F8EF1B6}
		{B96AD59D-61C2-43B4-9E3E-4EDC3DD2FFB3} = {E40DD4F2-609A-4814-8BBA-15520F8EF1B6}
		{170D7FA2-C325-4EF7-B5E3-9C853E6425BC} = {E40DD4F2-609A-4814-8BBA-15520F8EF1B6}
		{AF38E110-3343-453C-AD7A-569055E5F710} = {E40DD4F2-609A-4814-8BBA-15520F8EF1B6}
		{EEEFCA0E-3A5A-4560-A504-8DC6C581AA61} = {E40DD4F2-609A-4814-8BBA-15520F8EF1B6}
		{5B385F08-C0F9-4165-A243-5E245B14BC59} = {E40DD4F2-609A-4814-8BBA-15520F8EF1B6}
		{A6BBE48D-D875-4239-ADAE-C7E46563E4A6} = {E40DD4F2-609A-4814-8BBA-15520F8EF1B6}
		{4D250E09-5B09-4B9E-9742-CA3E4900E1AD} = {E40DD4F2-609A-4814-8BBA-15520F8EF1B6}
		{643638E1-36E1-4FC6-B132-2E3CF84CA227} = {E40DD4F2-609A-4814-8BBA-15520F8EF1B6}
		{A5165581-4C67-454F-837C-603BC14B4EE7} = {F77D866E-C0C2-4C8A-B0BE-48C54CF9E076}
		{B4178A8B-7F5B-4A0F-AF75-822AD947978D} = {F77D866E-C0C2-4C8A-B0BE-48C54CF9E076}
		{F5D4B134-ED0E-40C0-B744-1E0A1211C6EE} = {F77D866E-C0C2-4C8A-B0BE-48C54CF9E076}
		{3B3775AE-AC32-4944-AED4-E4F771AB3F0F} = {F77D866E-C0C2-4C8A-B0BE-48C54CF9E076}
		{1EAED551-39B2-4D62-AF06-E1211CCBD31B} = {F77D866E-C0C2-4C8A-B0BE-48C54CF9E076}
		{E94BB4C2-2AAA-4037-B77B-865255452990} = {F77D866E-C0C2-4C8A-B0BE-48C54CF9E076}
		{11D2F1A1-7F1F-4D52-8A71-82ACA59AA09C} = {F77D866E-C0C2-4C8A-B0BE-48C54CF9E076}
		{0ED18CCF-406B-443C-9E75-90E94DCE8AD2} = {9DECBA86-CD4D-4580-BEF4-05842820C301}
		{D6F6C828-B8AC-4A05-A9D0-DFC30B72EC48} = {9DECBA86-CD4D-4580-BEF4-05842820C301}
		{ADDF019E-E0CE-4737-8A9A-AEB006C51A2F} = {9DECBA86-CD4D-4580-BEF4-05842820C301}
		{273BA459-4F76-4D8E-8A51-AC160FE12494} = {9DECBA86-CD4D-4580-BEF4-05842820C301}
		{64F2923A-486B-4361-8091-F14FC0A53FE1} = {9DECBA86-CD4D-4580-BEF4-05842820C301}
		{F5F60ABC-982F-47B9-81F9-E459043D6F24} = {9DECBA86-CD4D-4580-BEF4-05842820C301}
		{8BE22C02-DCA8-4746-94FA-49D74ABCA092} = {9DECBA86-CD4D-4580-BEF4-05842820C301}
		{1A718993-D6D5-400F-8097-A419C3753E78} = {9DECBA86-CD4D-4580-BEF4-05842820C301}
		{593BC2AC-05B7-4EF9-A748-2046A66C950E} = {9DECBA86-CD4D-4580-BEF4-05842820C301}
		{D3DF3566-2927-480C-9D32-06ED73DD9465} = {9DECBA86-CD4D-4580-BEF4-05842820C301}
		{04CB917F-64C6-4BFE-BF73-354DFFB73A4F} = {9DECBA86-CD4D-4580-BEF4-05842820C301}
		{1C0985C9-2B66-49CE-BE47-15FF0DF0A08D} = {9DECBA86-CD4D-4580-BEF4-05842820C301}
		{75B6FAFF-FD62-45F5-8D47-385E37C5616C} = {9DECBA86-CD4D-4580-BEF4-05842820C301}
		{1CD6774C-CF7B-4C0A-B364-BBF6E9324311} = {9DECBA86-CD4D-4580-BEF4-05842820C301}
		{A56FB018-A845-4B3E-B950-4629919837BC} = {9DECBA86-CD4D-4580-BEF4-05842820C301}
		{D2897659-5AA7-4F2E-B7C6-114621C06E47} = {9DECBA86-CD4D-4580-BEF4-05842820C301}
		{C32383C0-FA2C-45F7-8543-0001F079DDA0} = {9DECBA86-CD4D-4580-BEF4-05842820C301}
		{5A7E587B-F3F6-4BB9-8B3E-419AC1D19E92} = {9DECBA86-CD4D-4580-BEF4-05842820C301}
		{92988534-1DA4-4825-925C-8BDB6C6EC382} = {9DECBA86-CD4D-4580-BEF4-05842820C301}
		{303353F1-F6FA-4415-837E-122B73DDAA3D} = {9DECBA86-CD4D-4580-BEF4-05842820C301}
		{7771D722-02C0-48BB-A85D-66132806955F} = {21C13BF2-4146-4689-98F1-4E34425A808D}
		{7C6E5A82-3AAC-402C-A3C5-8C02ADCA3163} = {21C13BF2-4146-4689-98F1-4E34425A808D}
		{6058FEB7-9B5D-49CD-84C5-FB17755151CF} = {21C13BF2-4146-4689-98F1-4E34425A808D}
		{27E9F823-95CB-4E43-BFA1-2BE791DC9BE8} = {21C13BF2-4146-4689-98F1-4E34425A808D}
		{F3CB2912-BD06-4DB4-82B7-5B6823F15AD8} = {21C13BF2-4146-4689-98F1-4E34425A808D}
		{18BF7C3D-78C1-48B6-BA8C-5289D03B962C} = {21C13BF2-4146-4689-98F1-4E34425A808D}
		{5F31059C-9255-4EFD-8CFA-F87FD1455888} = {21C13BF2-4146-4689-98F1-4E34425A808D}
		{20AAE369-917F-4354-BDF9-E65B577AD5FE} = {21C13BF2-4146-4689-98F1-4E34425A808D}
		{6227D466-8172-49F5-BDE2-AF8D9B649496} = {21C13BF2-4146-4689-98F1-4E34425A808D}
		{959B792E-32AD-4F6E-9AE1-ED93EBC88674} = {21C13BF2-4146-4689-98F1-4E34425A808D}
		{15D5970B-BE76-4085-BB4E-36E89FABB773} = {21C13BF2-4146-4689-98F1-4E34425A808D}
		{2C25B5E0-4A77-4A8B-B908-52566D80475D} = {21C13BF2-4146-4689-98F1-4E34425A808D}
		{B4C5125A-E254-49EC-B19A-A9852A695A65} = {21C13BF2-4146-4689-98F1-4E34425A808D}
		{4ADEE4E5-8BCC-4B43-AFAD-5FE32F3E2979} = {21C13BF2-4146-4689-98F1-4E34425A808D}
		{6BEF04E2-A8C3-4232-94BB-39CDD11D54E3} = {21C13BF2-4146-4689-98F1-4E34425A808D}
		{5984FFF7-6D00-4066-8725-F9E313A7DF4E} = {21C13BF2-4146-4689-98F1-4E34425A808D}
		{B128C34D-43C6-42F1-989E-3BD4C1D5D1CB} = {71896DE7-D2DC-4578-BC02-62BFB603B85A}
		{642FC5B8-6801-4942-9C88-C547FDE9286A} = {71896DE7-D2DC-4578-BC02-62BFB603B85A}
		{7E6A9217-7CF5-4E42-AE70-388C3C03E922} = {71896DE7-D2DC-4578-BC02-62BFB603B85A}
		{F7A853B2-7E06-4823-B4F9-C7032A7AE381} = {71896DE7-D2DC-4578-BC02-62BFB603B85A}
		{0169A9C4-2CA6-42CA-86DC-DCBF3C2E0E30} = {71896DE7-D2DC-4578-BC02-62BFB603B85A}
		{7DA3B9F5-A346-4303-B91F-8FDE92FF5798} = {71896DE7-D2DC-4578-BC02-62BFB603B85A}
		{FCF048B7-D74A-4E3A-8F0F-685DF768BD01} = {71896DE7-D2DC-4578-BC02-62BFB603B85A}
		{F74F7CE4-EDF0-49FF-B46E-4F112AC9F389} = {71896DE7-D2DC-4578-BC02-62BFB603B85A}
		{7A5BA382-210F-4EA9-B5E9-C4C54A55486C} = {71896DE7-D2DC-4578-BC02-62BFB603B85A}
		{768F72D8-00D6-4E61-A243-34F70860D1A6} = {71896DE7-D2DC-4578-BC02-62BFB603B85A}
		{F58883F4-EE15-4622-A6F7-4D26B66C3EAE} = {71896DE7-D2DC-4578-BC02-62BFB603B85A}
		{4EBE7099-E5E2-424F-8670-6EC8F96F54A6} = {71896DE7-D2DC-4578-BC02-62BFB603B85A}
		{CFADC4C1-F474-4C59-B7F9-A07839E6E6E0} = {71896DE7-D2DC-4578-BC02-62BFB603B85A}
		{EA2F10F4-4C1D-46DD-9A57-65B63DDA1250} = {71896DE7-D2DC-4578-BC02-62BFB603B85A}
		{0B8BD026-691B-4E6C-A873-871E3CABCA0A} = {71896DE7-D2DC-4578-BC02-62BFB603B85A}
		{E84B2F33-CBBC-4B00-8040-E9885D12DDA3} = {71896DE7-D2DC-4578-BC02-62BFB603B85A}
		{F7045981-A6D6-4CE8-A14D-5807F0610B19} = {71896DE7-D2DC-4578-BC02-62BFB603B85A}
		{15D880FB-EC3F-4B6C-9F3C-C22160757C2D} = {CFBF784C-1B2A-45F0-A90F-4F02E7791582}
		{F513FD3F-4701-421B-8A07-D3B2EBC0D6DE} = {CFBF784C-1B2A-45F0-A90F-4F02E7791582}
		{87427E59-B6BE-4177-8CFF-7B92DD5059A5} = {F0914108-67DF-4F04-BF80-30C93E8D4F3D}
		{E8F66659-6E08-4131-96BE-25C59666DB3D} = {F0914108-67DF-4F04-BF80-30C93E8D4F3D}
		{7758737D-4FB0-403E-AA3A-B4A72D1E96FE} = {F0914108-67DF-4F04-BF80-30C93E8D4F3D}
		{9BD47404-4872-4DA2-BEC0-1B50767F7596} = {F0914108-67DF-4F04-BF80-30C93E8D4F3D}
		{5F0835E9-7AD2-435D-8E48-8C6773536992} = {F0914108-67DF-4F04-BF80-30C93E8D4F3D}
		{4F68C724-D009-4CB4-8248-986009809A90} = {F0914108-67DF-4F04-BF80-30C93E8D4F3D}
		{14DD5282-DABF-42B8-A907-05253A3873A6} = {F0914108-67DF-4F04-BF80-30C93E8D4F3D}
		{D1B42CA7-FBFC-4AEE-B66E-55987D928D4C} = {F0914108-67DF-4F04-BF80-30C93E8D4F3D}
		{2BF2099E-D9F0-405D-B803-53ABCBE493E0} = {F0914108-67DF-4F04-BF80-30C93E8D4F3D}
		{AE58563E-AA07-4596-82A4-AD7861E8E9B9} = {16509ABC-1E35-4EE8-8D8B-1B7709256A7F}
		{87BC8391-A15B-4EF8-91C1-FF6133CF4301} = {16509ABC-1E35-4EE8-8D8B-1B7709256A7F}
		{A155079B-1500-452B-A959-3B23A17C09A1} = {16509ABC-1E35-4EE8-8D8B-1B7709256A7F}
		{3AEF0FA9-A81A-4B69-B754-651F962AF8AF} = {16509ABC-1E35-4EE8-8D8B-1B7709256A7F}
		{0E7B4787-76D4-4730-8EBE-329A98B6A870} = {16509ABC-1E35-4EE8-8D8B-1B7709256A7F}
		{1F364374-42BC-4260-8EAD-17B1E23AFBAF} = {16509ABC-1E35-4EE8-8D8B-1B7709256A7F}
		{70C0094E-3669-4B4A-AB6E-0CDEC666AF97} = {16509ABC-1E35-4EE8-8D8B-1B7709256A7F}
	EndGlobalSection
	GlobalSection(ExtensibilityGlobals) = postSolution
		SolutionGuid = {5853EF06-1F61-41E6-881D-F8D15B888461}
	EndGlobalSection
EndGlobal
